// !$*UTF8*$!
{
	archiveVersion = 1;
	classes = {
	};
	objectVersion = 51;
	objects = {

/* Begin PBXBuildFile section */
		221B32BB2FDB4A74A8AC7691 /* awsconfiguration.json in Resources */ = {isa = PBXBuildFile; fileRef = A124BF81FC8B40FBA8260C00 /* awsconfiguration.json */; };
		24481C20A13049E6A98BAB56 /* User.swift in Sources */ = {isa = PBXBuildFile; fileRef = E31DEA02CBB542D5AA59CA4B /* User.swift */; };
		3FAFF6936D7B422DBF25E91A /* Message.swift in Sources */ = {isa = PBXBuildFile; fileRef = 42D64405355643289A8035B8 /* Message.swift */; };
		7A1521C2262DE5BC00EC15B4 /* UserDataSource.swift in Sources */ = {isa = PBXBuildFile; fileRef = 7A1521C1262DE5BC00EC15B4 /* UserDataSource.swift */; };
		7A6A4CD4262B570400561D87 /* MessagesView.swift in Sources */ = {isa = PBXBuildFile; fileRef = 7A6A4CD3262B570400561D87 /* MessagesView.swift */; };
		7A6A4CD7262B5DA900561D87 /* MessageRow.swift in Sources */ = {isa = PBXBuildFile; fileRef = 7A6A4CD6262B5DA900561D87 /* MessageRow.swift */; };
		7A6A4CDA262B658200561D87 /* MessageDataSource.swift in Sources */ = {isa = PBXBuildFile; fileRef = 7A6A4CD9262B658200561D87 /* MessageDataSource.swift */; };
		7A6A4CDD262B68A600561D87 /* Message+Extensions.swift in Sources */ = {isa = PBXBuildFile; fileRef = 7A6A4CDC262B68A600561D87 /* Message+Extensions.swift */; };
		7A6A4D04262B889D00561D87 /* backgroundAnimation.mp4 in Resources */ = {isa = PBXBuildFile; fileRef = 7A6A4D02262B868D00561D87 /* backgroundAnimation.mp4 */; };
		7A6A4D07262B8A5000561D87 /* BackgroundVideoController.swift in Sources */ = {isa = PBXBuildFile; fileRef = 7A6A4D06262B8A5000561D87 /* BackgroundVideoController.swift */; };
		7A71BCFF2625292A00E6FA9E /* BestFriendsApp.swift in Sources */ = {isa = PBXBuildFile; fileRef = 7A71BCFE2625292A00E6FA9E /* BestFriendsApp.swift */; };
		7A71BD012625292A00E6FA9E /* SignUpView.swift in Sources */ = {isa = PBXBuildFile; fileRef = 7A71BD002625292A00E6FA9E /* SignUpView.swift */; };
		7A71BD032625292B00E6FA9E /* Assets.xcassets in Resources */ = {isa = PBXBuildFile; fileRef = 7A71BD022625292B00E6FA9E /* Assets.xcassets */; };
		7A71BD062625292B00E6FA9E /* Preview Assets.xcassets in Resources */ = {isa = PBXBuildFile; fileRef = 7A71BD052625292B00E6FA9E /* Preview Assets.xcassets */; };
		7A71BD1626252B0300E6FA9E /* awsconfiguration.json in Resources */ = {isa = PBXBuildFile; fileRef = 7A71BD1426252B0200E6FA9E /* awsconfiguration.json */; };
		7A71BD1726252B0300E6FA9E /* amplifyconfiguration.json in Resources */ = {isa = PBXBuildFile; fileRef = 7A71BD1526252B0200E6FA9E /* amplifyconfiguration.json */; };
		7A71BD1A26252B1300E6FA9E /* Backend.swift in Sources */ = {isa = PBXBuildFile; fileRef = 7A71BD1926252B1300E6FA9E /* Backend.swift */; };
		7A71BD5126255BF900E6FA9E /* CaptureImageView.swift in Sources */ = {isa = PBXBuildFile; fileRef = 7A71BD5026255BF900E6FA9E /* CaptureImageView.swift */; };
		7AC0DA95262BAE09007FC643 /* AmplifyModels.swift in Sources */ = {isa = PBXBuildFile; fileRef = 7AC0DA90262BAE09007FC643 /* AmplifyModels.swift */; };
		7AC0DA96262BAE09007FC643 /* Message.swift in Sources */ = {isa = PBXBuildFile; fileRef = 7AC0DA91262BAE09007FC643 /* Message.swift */; };
		7AC0DA97262BAE09007FC643 /* User+Schema.swift in Sources */ = {isa = PBXBuildFile; fileRef = 7AC0DA92262BAE09007FC643 /* User+Schema.swift */; };
		7AC0DA98262BAE09007FC643 /* User.swift in Sources */ = {isa = PBXBuildFile; fileRef = 7AC0DA93262BAE09007FC643 /* User.swift */; };
		7AC0DA99262BAE09007FC643 /* Message+Schema.swift in Sources */ = {isa = PBXBuildFile; fileRef = 7AC0DA94262BAE09007FC643 /* Message+Schema.swift */; };
		7AC0DA9C262BAF3B007FC643 /* UserManager.swift in Sources */ = {isa = PBXBuildFile; fileRef = 7AC0DA9B262BAF3B007FC643 /* UserManager.swift */; };
		7ADC62A32627AA7300791689 /* TutorialCode.swift in Sources */ = {isa = PBXBuildFile; fileRef = 7ADC62A22627AA7300791689 /* TutorialCode.swift */; };
		7AE31CBF262A9A94001EC5A3 /* LoginView.swift in Sources */ = {isa = PBXBuildFile; fileRef = 7AE31CBE262A9A94001EC5A3 /* LoginView.swift */; };
		7AE31CC2262A9BE1001EC5A3 /* LandingView.swift in Sources */ = {isa = PBXBuildFile; fileRef = 7AE31CC1262A9BE1001EC5A3 /* LandingView.swift */; };
		7AE31CC5262A9C57001EC5A3 /* ConfirmationView.swift in Sources */ = {isa = PBXBuildFile; fileRef = 7AE31CC4262A9C57001EC5A3 /* ConfirmationView.swift */; };
		7AE31CC8262A9D34001EC5A3 /* SessionManager.swift in Sources */ = {isa = PBXBuildFile; fileRef = 7AE31CC7262A9D34001EC5A3 /* SessionManager.swift */; };
		7AEFD543262CED3A00247757 /* QRCodeView.swift in Sources */ = {isa = PBXBuildFile; fileRef = 7AEFD542262CED3A00247757 /* QRCodeView.swift */; };
		7AEFD546262CED7A00247757 /* ImagePicker.swift in Sources */ = {isa = PBXBuildFile; fileRef = 7AEFD545262CED7A00247757 /* ImagePicker.swift */; };
		7AF6973F2630EE1900CF49CC /* Star.swift in Sources */ = {isa = PBXBuildFile; fileRef = 7AF6973E2630EE1900CF49CC /* Star.swift */; };
		7B13219293464569BD3ABE91 /* amplifyconfiguration.json in Resources */ = {isa = PBXBuildFile; fileRef = C95590B9F99E4975B4D806B7 /* amplifyconfiguration.json */; };
		84EA879CC8D44C9CB6FBFFCB /* Message+Schema.swift in Sources */ = {isa = PBXBuildFile; fileRef = 19E83D8ABA3F46EEB8785E44 /* Message+Schema.swift */; };
		8F464A0A6BEA4CD09C25CF86 /* AmplifyModels.swift in Sources */ = {isa = PBXBuildFile; fileRef = C4BF332F0047438D8BC66E13 /* AmplifyModels.swift */; };
		DB6EB8B021C24EAB932F2DCC /* User+Schema.swift in Sources */ = {isa = PBXBuildFile; fileRef = DB24A96E58E94680A190216A /* User+Schema.swift */; };
		F11E8CF700902496B65C1C89 /* Pods_BestFriends.framework in Frameworks */ = {isa = PBXBuildFile; fileRef = 7E533516C70DC2A502C17893 /* Pods_BestFriends.framework */; };
/* End PBXBuildFile section */

/* Begin PBXFileReference section */
		0BA9C31257BA47E18024A357 /* amplifytools.xcconfig */ = {isa = PBXFileReference; explicitFileType = undefined; fileEncoding = 4; includeInIndex = 0; lastKnownFileType = text.xcconfig; path = amplifytools.xcconfig; sourceTree = "<group>"; };
		19E83D8ABA3F46EEB8785E44 /* Message+Schema.swift */ = {isa = PBXFileReference; explicitFileType = undefined; fileEncoding = 4; includeInIndex = 0; lastKnownFileType = sourcecode.swift; name = "Message+Schema.swift"; path = "amplify/generated/models/Message+Schema.swift"; sourceTree = "<group>"; };
		2456D32343F6CB345703D20B /* Pods-BestFriends.release.xcconfig */ = {isa = PBXFileReference; includeInIndex = 1; lastKnownFileType = text.xcconfig; name = "Pods-BestFriends.release.xcconfig"; path = "Target Support Files/Pods-BestFriends/Pods-BestFriends.release.xcconfig"; sourceTree = "<group>"; };
		42D64405355643289A8035B8 /* Message.swift */ = {isa = PBXFileReference; explicitFileType = undefined; fileEncoding = 4; includeInIndex = 0; lastKnownFileType = sourcecode.swift; name = Message.swift; path = amplify/generated/models/Message.swift; sourceTree = "<group>"; };
		71B5DFCDF98DAA323331D1BC /* Pods-BestFriends.debug.xcconfig */ = {isa = PBXFileReference; includeInIndex = 1; lastKnownFileType = text.xcconfig; name = "Pods-BestFriends.debug.xcconfig"; path = "Target Support Files/Pods-BestFriends/Pods-BestFriends.debug.xcconfig"; sourceTree = "<group>"; };
		7A1521C1262DE5BC00EC15B4 /* UserDataSource.swift */ = {isa = PBXFileReference; lastKnownFileType = sourcecode.swift; path = UserDataSource.swift; sourceTree = "<group>"; };
		7A6A4CD3262B570400561D87 /* MessagesView.swift */ = {isa = PBXFileReference; lastKnownFileType = sourcecode.swift; path = MessagesView.swift; sourceTree = "<group>"; };
		7A6A4CD6262B5DA900561D87 /* MessageRow.swift */ = {isa = PBXFileReference; lastKnownFileType = sourcecode.swift; path = MessageRow.swift; sourceTree = "<group>"; };
		7A6A4CD9262B658200561D87 /* MessageDataSource.swift */ = {isa = PBXFileReference; lastKnownFileType = sourcecode.swift; path = MessageDataSource.swift; sourceTree = "<group>"; };
		7A6A4CDC262B68A600561D87 /* Message+Extensions.swift */ = {isa = PBXFileReference; lastKnownFileType = sourcecode.swift; path = "Message+Extensions.swift"; sourceTree = "<group>"; };
		7A6A4D02262B868D00561D87 /* backgroundAnimation.mp4 */ = {isa = PBXFileReference; lastKnownFileType = file; path = backgroundAnimation.mp4; sourceTree = "<group>"; };
		7A6A4D06262B8A5000561D87 /* BackgroundVideoController.swift */ = {isa = PBXFileReference; lastKnownFileType = sourcecode.swift; path = BackgroundVideoController.swift; sourceTree = "<group>"; };
		7A71BCFB2625292A00E6FA9E /* BestFriends.app */ = {isa = PBXFileReference; explicitFileType = wrapper.application; includeInIndex = 0; path = BestFriends.app; sourceTree = BUILT_PRODUCTS_DIR; };
		7A71BCFE2625292A00E6FA9E /* BestFriendsApp.swift */ = {isa = PBXFileReference; lastKnownFileType = sourcecode.swift; path = BestFriendsApp.swift; sourceTree = "<group>"; };
		7A71BD002625292A00E6FA9E /* SignUpView.swift */ = {isa = PBXFileReference; lastKnownFileType = sourcecode.swift; path = SignUpView.swift; sourceTree = "<group>"; };
		7A71BD022625292B00E6FA9E /* Assets.xcassets */ = {isa = PBXFileReference; lastKnownFileType = folder.assetcatalog; path = Assets.xcassets; sourceTree = "<group>"; };
		7A71BD052625292B00E6FA9E /* Preview Assets.xcassets */ = {isa = PBXFileReference; lastKnownFileType = folder.assetcatalog; path = "Preview Assets.xcassets"; sourceTree = "<group>"; };
		7A71BD072625292B00E6FA9E /* Info.plist */ = {isa = PBXFileReference; lastKnownFileType = text.plist.xml; path = Info.plist; sourceTree = "<group>"; };
		7A71BD1426252B0200E6FA9E /* awsconfiguration.json */ = {isa = PBXFileReference; fileEncoding = 4; lastKnownFileType = text.json; path = awsconfiguration.json; sourceTree = SOURCE_ROOT; };
		7A71BD1526252B0200E6FA9E /* amplifyconfiguration.json */ = {isa = PBXFileReference; fileEncoding = 4; lastKnownFileType = text.json; path = amplifyconfiguration.json; sourceTree = SOURCE_ROOT; };
		7A71BD1926252B1300E6FA9E /* Backend.swift */ = {isa = PBXFileReference; lastKnownFileType = sourcecode.swift; path = Backend.swift; sourceTree = "<group>"; };
		7A71BD5026255BF900E6FA9E /* CaptureImageView.swift */ = {isa = PBXFileReference; lastKnownFileType = sourcecode.swift; path = CaptureImageView.swift; sourceTree = "<group>"; };
		7AC0DA90262BAE09007FC643 /* AmplifyModels.swift */ = {isa = PBXFileReference; fileEncoding = 4; lastKnownFileType = sourcecode.swift; path = AmplifyModels.swift; sourceTree = "<group>"; };
		7AC0DA91262BAE09007FC643 /* Message.swift */ = {isa = PBXFileReference; fileEncoding = 4; lastKnownFileType = sourcecode.swift; path = Message.swift; sourceTree = "<group>"; };
		7AC0DA92262BAE09007FC643 /* User+Schema.swift */ = {isa = PBXFileReference; fileEncoding = 4; lastKnownFileType = sourcecode.swift; path = "User+Schema.swift"; sourceTree = "<group>"; };
		7AC0DA93262BAE09007FC643 /* User.swift */ = {isa = PBXFileReference; fileEncoding = 4; lastKnownFileType = sourcecode.swift; path = User.swift; sourceTree = "<group>"; };
		7AC0DA94262BAE09007FC643 /* Message+Schema.swift */ = {isa = PBXFileReference; fileEncoding = 4; lastKnownFileType = sourcecode.swift; path = "Message+Schema.swift"; sourceTree = "<group>"; };
		7AC0DA9B262BAF3B007FC643 /* UserManager.swift */ = {isa = PBXFileReference; lastKnownFileType = sourcecode.swift; path = UserManager.swift; sourceTree = "<group>"; };
		7ADC62A22627AA7300791689 /* TutorialCode.swift */ = {isa = PBXFileReference; lastKnownFileType = sourcecode.swift; path = TutorialCode.swift; sourceTree = "<group>"; };
		7AE31CBE262A9A94001EC5A3 /* LoginView.swift */ = {isa = PBXFileReference; lastKnownFileType = sourcecode.swift; path = LoginView.swift; sourceTree = "<group>"; };
		7AE31CC1262A9BE1001EC5A3 /* LandingView.swift */ = {isa = PBXFileReference; lastKnownFileType = sourcecode.swift; path = LandingView.swift; sourceTree = "<group>"; };
		7AE31CC4262A9C57001EC5A3 /* ConfirmationView.swift */ = {isa = PBXFileReference; lastKnownFileType = sourcecode.swift; path = ConfirmationView.swift; sourceTree = "<group>"; };
		7AE31CC7262A9D34001EC5A3 /* SessionManager.swift */ = {isa = PBXFileReference; lastKnownFileType = sourcecode.swift; path = SessionManager.swift; sourceTree = "<group>"; };
		7AEFD542262CED3A00247757 /* QRCodeView.swift */ = {isa = PBXFileReference; lastKnownFileType = sourcecode.swift; path = QRCodeView.swift; sourceTree = "<group>"; };
		7AEFD545262CED7A00247757 /* ImagePicker.swift */ = {isa = PBXFileReference; lastKnownFileType = sourcecode.swift; path = ImagePicker.swift; sourceTree = "<group>"; };
		7AF6973E2630EE1900CF49CC /* Star.swift */ = {isa = PBXFileReference; lastKnownFileType = sourcecode.swift; path = Star.swift; sourceTree = "<group>"; };
		7E533516C70DC2A502C17893 /* Pods_BestFriends.framework */ = {isa = PBXFileReference; explicitFileType = wrapper.framework; includeInIndex = 0; path = Pods_BestFriends.framework; sourceTree = BUILT_PRODUCTS_DIR; };
		A124BF81FC8B40FBA8260C00 /* awsconfiguration.json */ = {isa = PBXFileReference; explicitFileType = undefined; fileEncoding = 9; includeInIndex = 0; lastKnownFileType = unknown; path = awsconfiguration.json; sourceTree = "<group>"; };
		C4BF332F0047438D8BC66E13 /* AmplifyModels.swift */ = {isa = PBXFileReference; explicitFileType = undefined; fileEncoding = 4; includeInIndex = 0; lastKnownFileType = sourcecode.swift; name = AmplifyModels.swift; path = amplify/generated/models/AmplifyModels.swift; sourceTree = "<group>"; };
		C95590B9F99E4975B4D806B7 /* amplifyconfiguration.json */ = {isa = PBXFileReference; explicitFileType = undefined; fileEncoding = 9; includeInIndex = 0; lastKnownFileType = unknown; path = amplifyconfiguration.json; sourceTree = "<group>"; };
		DB24A96E58E94680A190216A /* User+Schema.swift */ = {isa = PBXFileReference; explicitFileType = undefined; fileEncoding = 4; includeInIndex = 0; lastKnownFileType = sourcecode.swift; name = "User+Schema.swift"; path = "amplify/generated/models/User+Schema.swift"; sourceTree = "<group>"; };
		E31DEA02CBB542D5AA59CA4B /* User.swift */ = {isa = PBXFileReference; explicitFileType = undefined; fileEncoding = 4; includeInIndex = 0; lastKnownFileType = sourcecode.swift; name = User.swift; path = amplify/generated/models/User.swift; sourceTree = "<group>"; };
		F6C3BE1022B34C5FA7EE9A20 /* schema.graphql */ = {isa = PBXFileReference; explicitFileType = undefined; fileEncoding = 4; includeInIndex = 0; lastKnownFileType = text; name = schema.graphql; path = amplify/backend/api/bestfriends/schema.graphql; sourceTree = "<group>"; };
/* End PBXFileReference section */

/* Begin PBXFrameworksBuildPhase section */
		7A71BCF82625292A00E6FA9E /* Frameworks */ = {
			isa = PBXFrameworksBuildPhase;
			buildActionMask = 2147483647;
			files = (
				F11E8CF700902496B65C1C89 /* Pods_BestFriends.framework in Frameworks */,
			);
			runOnlyForDeploymentPostprocessing = 0;
		};
/* End PBXFrameworksBuildPhase section */

/* Begin PBXGroup section */
		7A6A4CD2262B56E900561D87 /* Messaging */ = {
			isa = PBXGroup;
			children = (
				7A6A4CD3262B570400561D87 /* MessagesView.swift */,
				7A6A4CD6262B5DA900561D87 /* MessageRow.swift */,
				7A6A4CD9262B658200561D87 /* MessageDataSource.swift */,
				7A6A4CDC262B68A600561D87 /* Message+Extensions.swift */,
			);
			path = Messaging;
			sourceTree = "<group>";
		};
		7A6A4D00262B865D00561D87 /* Assets */ = {
			isa = PBXGroup;
			children = (
				7A71BD022625292B00E6FA9E /* Assets.xcassets */,
				7A6A4D01262B866500561D87 /* Videos */,
			);
			path = Assets;
			sourceTree = "<group>";
		};
		7A6A4D01262B866500561D87 /* Videos */ = {
			isa = PBXGroup;
			children = (
				7A6A4D02262B868D00561D87 /* backgroundAnimation.mp4 */,
			);
			path = Videos;
			sourceTree = "<group>";
		};
		7A71BCF22625292A00E6FA9E = {
			isa = PBXGroup;
			children = (
				DBFB8C7AC87F4062BC821677 /* AmplifyModels */,
				7A71BD1526252B0200E6FA9E /* amplifyconfiguration.json */,
				7A71BD1426252B0200E6FA9E /* awsconfiguration.json */,
				C3F02F5A8A994BECAB094217 /* AmplifyConfig */,
				7A71BCFD2625292A00E6FA9E /* BestFriends */,
				7A71BCFC2625292A00E6FA9E /* Products */,
				9E0E510CD719430077541E98 /* Pods */,
				ABA2702C8BCEE8FAE6DEE42D /* Frameworks */,
			);
			sourceTree = "<group>";
		};
		7A71BCFC2625292A00E6FA9E /* Products */ = {
			isa = PBXGroup;
			children = (
				7A71BCFB2625292A00E6FA9E /* BestFriends.app */,
			);
			name = Products;
			sourceTree = "<group>";
		};
		7A71BCFD2625292A00E6FA9E /* BestFriends */ = {
			isa = PBXGroup;
			children = (
				7A8943D2262CCA84008F7582 /* LandingPage */,
				7AC0DA8F262BAE09007FC643 /* models */,
				7A6A4D00262B865D00561D87 /* Assets */,
				7A6A4CD2262B56E900561D87 /* Messaging */,
				7AE31CBD262A9A7F001EC5A3 /* Authentication */,
				7AE31CB926293ABE001EC5A3 /* Refrence Code */,
				7A71BCFE2625292A00E6FA9E /* BestFriendsApp.swift */,
				7A71BD072625292B00E6FA9E /* Info.plist */,
				7A71BD042625292B00E6FA9E /* Preview Content */,
			);
			path = BestFriends;
			sourceTree = "<group>";
		};
		7A71BD042625292B00E6FA9E /* Preview Content */ = {
			isa = PBXGroup;
			children = (
				7A71BD052625292B00E6FA9E /* Preview Assets.xcassets */,
			);
			path = "Preview Content";
			sourceTree = "<group>";
		};
		7A8943D2262CCA84008F7582 /* LandingPage */ = {
			isa = PBXGroup;
			children = (
				7AE31CC1262A9BE1001EC5A3 /* LandingView.swift */,
				7AF6973E2630EE1900CF49CC /* Star.swift */,
				7A6A4D06262B8A5000561D87 /* BackgroundVideoController.swift */,
				7AEFD542262CED3A00247757 /* QRCodeView.swift */,
				7AEFD545262CED7A00247757 /* ImagePicker.swift */,
				7A1521C1262DE5BC00EC15B4 /* UserDataSource.swift */,
			);
			path = LandingPage;
			sourceTree = "<group>";
		};
		7AC0DA8F262BAE09007FC643 /* models */ = {
			isa = PBXGroup;
			children = (
				7AC0DA90262BAE09007FC643 /* AmplifyModels.swift */,
				7AC0DA91262BAE09007FC643 /* Message.swift */,
				7AC0DA92262BAE09007FC643 /* User+Schema.swift */,
				7AC0DA93262BAE09007FC643 /* User.swift */,
				7AC0DA94262BAE09007FC643 /* Message+Schema.swift */,
			);
			name = models;
			path = amplify/generated/models;
			sourceTree = SOURCE_ROOT;
		};
		7AE31CB926293ABE001EC5A3 /* Refrence Code */ = {
			isa = PBXGroup;
			children = (
				7ADC62A22627AA7300791689 /* TutorialCode.swift */,
				7A71BD5026255BF900E6FA9E /* CaptureImageView.swift */,
				7A71BD1926252B1300E6FA9E /* Backend.swift */,
			);
			path = "Refrence Code";
			sourceTree = "<group>";
		};
		7AE31CBD262A9A7F001EC5A3 /* Authentication */ = {
			isa = PBXGroup;
			children = (
				7A71BD002625292A00E6FA9E /* SignUpView.swift */,
				7AE31CBE262A9A94001EC5A3 /* LoginView.swift */,
				7AE31CC4262A9C57001EC5A3 /* ConfirmationView.swift */,
				7AE31CC7262A9D34001EC5A3 /* SessionManager.swift */,
				7AC0DA9B262BAF3B007FC643 /* UserManager.swift */,
			);
			path = Authentication;
			sourceTree = "<group>";
		};
		9E0E510CD719430077541E98 /* Pods */ = {
			isa = PBXGroup;
			children = (
				71B5DFCDF98DAA323331D1BC /* Pods-BestFriends.debug.xcconfig */,
				2456D32343F6CB345703D20B /* Pods-BestFriends.release.xcconfig */,
			);
			path = Pods;
			sourceTree = "<group>";
		};
		ABA2702C8BCEE8FAE6DEE42D /* Frameworks */ = {
			isa = PBXGroup;
			children = (
				7E533516C70DC2A502C17893 /* Pods_BestFriends.framework */,
			);
			name = Frameworks;
			sourceTree = "<group>";
		};
		C3F02F5A8A994BECAB094217 /* AmplifyConfig */ = {
			isa = PBXGroup;
			children = (
				0BA9C31257BA47E18024A357 /* amplifytools.xcconfig */,
				C95590B9F99E4975B4D806B7 /* amplifyconfiguration.json */,
				A124BF81FC8B40FBA8260C00 /* awsconfiguration.json */,
				F6C3BE1022B34C5FA7EE9A20 /* schema.graphql */,
			);
			name = AmplifyConfig;
			path = .;
			sourceTree = "<group>";
		};
		DBFB8C7AC87F4062BC821677 /* AmplifyModels */ = {
			isa = PBXGroup;
			children = (
				C4BF332F0047438D8BC66E13 /* AmplifyModels.swift */,
				42D64405355643289A8035B8 /* Message.swift */,
				19E83D8ABA3F46EEB8785E44 /* Message+Schema.swift */,
				E31DEA02CBB542D5AA59CA4B /* User.swift */,
				DB24A96E58E94680A190216A /* User+Schema.swift */,
			);
			name = AmplifyModels;
			path = .;
			sourceTree = "<group>";
		};
/* End PBXGroup section */

/* Begin PBXNativeTarget section */
		7A71BCFA2625292A00E6FA9E /* BestFriends */ = {
			isa = PBXNativeTarget;
			buildConfigurationList = 7A71BD0A2625292B00E6FA9E /* Build configuration list for PBXNativeTarget "BestFriends" */;
			buildPhases = (
				6ABF81726C2E6FFC9EEABCF7 /* [CP] Check Pods Manifest.lock */,
				7A71BCF72625292A00E6FA9E /* Sources */,
				7A71BCF82625292A00E6FA9E /* Frameworks */,
				7A71BCF92625292A00E6FA9E /* Resources */,
				B729D378AC8B94D30DAA6A1A /* [CP] Embed Pods Frameworks */,
			);
			buildRules = (
			);
			dependencies = (
			);
			name = BestFriends;
			productName = BestFriends;
			productReference = 7A71BCFB2625292A00E6FA9E /* BestFriends.app */;
			productType = "com.apple.product-type.application";
		};
/* End PBXNativeTarget section */

/* Begin PBXProject section */
		7A71BCF32625292A00E6FA9E /* Project object */ = {
			isa = PBXProject;
			attributes = {
				LastSwiftUpdateCheck = 1240;
				LastUpgradeCheck = 1240;
				TargetAttributes = {
					7A71BCFA2625292A00E6FA9E = {
						CreatedOnToolsVersion = 12.4;
					};
				};
			};
			buildConfigurationList = 7A71BCF62625292A00E6FA9E /* Build configuration list for PBXProject "BestFriends" */;
			compatibilityVersion = "Xcode 9.3";
			developmentRegion = en;
			hasScannedForEncodings = 0;
			knownRegions = (
				en,
				Base,
			);
			mainGroup = 7A71BCF22625292A00E6FA9E;
			productRefGroup = 7A71BCFC2625292A00E6FA9E /* Products */;
			projectDirPath = "";
			projectRoot = "";
			targets = (
				7A71BCFA2625292A00E6FA9E /* BestFriends */,
			);
		};
/* End PBXProject section */

/* Begin PBXResourcesBuildPhase section */
		7A71BCF92625292A00E6FA9E /* Resources */ = {
			isa = PBXResourcesBuildPhase;
			buildActionMask = 2147483647;
			files = (
				7A71BD1626252B0300E6FA9E /* awsconfiguration.json in Resources */,
				7A6A4D04262B889D00561D87 /* backgroundAnimation.mp4 in Resources */,
				7A71BD1726252B0300E6FA9E /* amplifyconfiguration.json in Resources */,
				7A71BD062625292B00E6FA9E /* Preview Assets.xcassets in Resources */,
				7A71BD032625292B00E6FA9E /* Assets.xcassets in Resources */,
				7B13219293464569BD3ABE91 /* amplifyconfiguration.json in Resources */,
				221B32BB2FDB4A74A8AC7691 /* awsconfiguration.json in Resources */,
			);
			runOnlyForDeploymentPostprocessing = 0;
		};
/* End PBXResourcesBuildPhase section */

/* Begin PBXShellScriptBuildPhase section */
		6ABF81726C2E6FFC9EEABCF7 /* [CP] Check Pods Manifest.lock */ = {
			isa = PBXShellScriptBuildPhase;
			buildActionMask = 2147483647;
			files = (
			);
			inputFileListPaths = (
			);
			inputPaths = (
				"${PODS_PODFILE_DIR_PATH}/Podfile.lock",
				"${PODS_ROOT}/Manifest.lock",
			);
			name = "[CP] Check Pods Manifest.lock";
			outputFileListPaths = (
			);
			outputPaths = (
				"$(DERIVED_FILE_DIR)/Pods-BestFriends-checkManifestLockResult.txt",
			);
			runOnlyForDeploymentPostprocessing = 0;
			shellPath = /bin/sh;
			shellScript = "diff \"${PODS_PODFILE_DIR_PATH}/Podfile.lock\" \"${PODS_ROOT}/Manifest.lock\" > /dev/null\nif [ $? != 0 ] ; then\n    # print error to STDERR\n    echo \"error: The sandbox is not in sync with the Podfile.lock. Run 'pod install' or update your CocoaPods installation.\" >&2\n    exit 1\nfi\n# This output is used by Xcode 'outputs' to avoid re-running this script phase.\necho \"SUCCESS\" > \"${SCRIPT_OUTPUT_FILE_0}\"\n";
			showEnvVarsInLog = 0;
		};
		B729D378AC8B94D30DAA6A1A /* [CP] Embed Pods Frameworks */ = {
			isa = PBXShellScriptBuildPhase;
			buildActionMask = 2147483647;
			files = (
			);
			inputFileListPaths = (
				"${PODS_ROOT}/Target Support Files/Pods-BestFriends/Pods-BestFriends-frameworks-${CONFIGURATION}-input-files.xcfilelist",
			);
			name = "[CP] Embed Pods Frameworks";
			outputFileListPaths = (
				"${PODS_ROOT}/Target Support Files/Pods-BestFriends/Pods-BestFriends-frameworks-${CONFIGURATION}-output-files.xcfilelist",
			);
			runOnlyForDeploymentPostprocessing = 0;
			shellPath = /bin/sh;
			shellScript = "\"${PODS_ROOT}/Target Support Files/Pods-BestFriends/Pods-BestFriends-frameworks.sh\"\n";
			showEnvVarsInLog = 0;
		};
/* End PBXShellScriptBuildPhase section */

/* Begin PBXSourcesBuildPhase section */
		7A71BCF72625292A00E6FA9E /* Sources */ = {
			isa = PBXSourcesBuildPhase;
			buildActionMask = 2147483647;
			files = (
				7AC0DA95262BAE09007FC643 /* AmplifyModels.swift in Sources */,
				7A6A4D07262B8A5000561D87 /* BackgroundVideoController.swift in Sources */,
				7AE31CC2262A9BE1001EC5A3 /* LandingView.swift in Sources */,
				7AEFD546262CED7A00247757 /* ImagePicker.swift in Sources */,
				7AC0DA97262BAE09007FC643 /* User+Schema.swift in Sources */,
				7A71BD5126255BF900E6FA9E /* CaptureImageView.swift in Sources */,
				7A6A4CDD262B68A600561D87 /* Message+Extensions.swift in Sources */,
				7A6A4CDA262B658200561D87 /* MessageDataSource.swift in Sources */,
				7AC0DA96262BAE09007FC643 /* Message.swift in Sources */,
				7AC0DA99262BAE09007FC643 /* Message+Schema.swift in Sources */,
				7AE31CC5262A9C57001EC5A3 /* ConfirmationView.swift in Sources */,
				7A6A4CD7262B5DA900561D87 /* MessageRow.swift in Sources */,
				7ADC62A32627AA7300791689 /* TutorialCode.swift in Sources */,
				7A71BD012625292A00E6FA9E /* SignUpView.swift in Sources */,
				7A71BCFF2625292A00E6FA9E /* BestFriendsApp.swift in Sources */,
				7AE31CBF262A9A94001EC5A3 /* LoginView.swift in Sources */,
				7A71BD1A26252B1300E6FA9E /* Backend.swift in Sources */,
				7A6A4CD4262B570400561D87 /* MessagesView.swift in Sources */,
				7AE31CC8262A9D34001EC5A3 /* SessionManager.swift in Sources */,
				7AEFD543262CED3A00247757 /* QRCodeView.swift in Sources */,
				8F464A0A6BEA4CD09C25CF86 /* AmplifyModels.swift in Sources */,
				3FAFF6936D7B422DBF25E91A /* Message.swift in Sources */,
				84EA879CC8D44C9CB6FBFFCB /* Message+Schema.swift in Sources */,
				24481C20A13049E6A98BAB56 /* User.swift in Sources */,
				DB6EB8B021C24EAB932F2DCC /* User+Schema.swift in Sources */,
				7A1521C2262DE5BC00EC15B4 /* UserDataSource.swift in Sources */,
				7AC0DA9C262BAF3B007FC643 /* UserManager.swift in Sources */,
				7AF6973F2630EE1900CF49CC /* Star.swift in Sources */,
				7AC0DA98262BAE09007FC643 /* User.swift in Sources */,
			);
			runOnlyForDeploymentPostprocessing = 0;
		};
/* End PBXSourcesBuildPhase section */

/* Begin XCBuildConfiguration section */
		7A71BD082625292B00E6FA9E /* Debug */ = {
			isa = XCBuildConfiguration;
			buildSettings = {
				ALWAYS_SEARCH_USER_PATHS = NO;
				CLANG_ANALYZER_NONNULL = YES;
				CLANG_ANALYZER_NUMBER_OBJECT_CONVERSION = YES_AGGRESSIVE;
				CLANG_CXX_LANGUAGE_STANDARD = "gnu++14";
				CLANG_CXX_LIBRARY = "libc++";
				CLANG_ENABLE_MODULES = YES;
				CLANG_ENABLE_OBJC_ARC = YES;
				CLANG_ENABLE_OBJC_WEAK = YES;
				CLANG_WARN_BLOCK_CAPTURE_AUTORELEASING = YES;
				CLANG_WARN_BOOL_CONVERSION = YES;
				CLANG_WARN_COMMA = YES;
				CLANG_WARN_CONSTANT_CONVERSION = YES;
				CLANG_WARN_DEPRECATED_OBJC_IMPLEMENTATIONS = YES;
				CLANG_WARN_DIRECT_OBJC_ISA_USAGE = YES_ERROR;
				CLANG_WARN_DOCUMENTATION_COMMENTS = YES;
				CLANG_WARN_EMPTY_BODY = YES;
				CLANG_WARN_ENUM_CONVERSION = YES;
				CLANG_WARN_INFINITE_RECURSION = YES;
				CLANG_WARN_INT_CONVERSION = YES;
				CLANG_WARN_NON_LITERAL_NULL_CONVERSION = YES;
				CLANG_WARN_OBJC_IMPLICIT_RETAIN_SELF = YES;
				CLANG_WARN_OBJC_LITERAL_CONVERSION = YES;
				CLANG_WARN_OBJC_ROOT_CLASS = YES_ERROR;
				CLANG_WARN_QUOTED_INCLUDE_IN_FRAMEWORK_HEADER = YES;
				CLANG_WARN_RANGE_LOOP_ANALYSIS = YES;
				CLANG_WARN_STRICT_PROTOTYPES = YES;
				CLANG_WARN_SUSPICIOUS_MOVE = YES;
				CLANG_WARN_UNGUARDED_AVAILABILITY = YES_AGGRESSIVE;
				CLANG_WARN_UNREACHABLE_CODE = YES;
				CLANG_WARN__DUPLICATE_METHOD_MATCH = YES;
				COPY_PHASE_STRIP = NO;
				DEBUG_INFORMATION_FORMAT = dwarf;
				ENABLE_STRICT_OBJC_MSGSEND = YES;
				ENABLE_TESTABILITY = YES;
				GCC_C_LANGUAGE_STANDARD = gnu11;
				GCC_DYNAMIC_NO_PIC = NO;
				GCC_NO_COMMON_BLOCKS = YES;
				GCC_OPTIMIZATION_LEVEL = 0;
				GCC_PREPROCESSOR_DEFINITIONS = (
					"DEBUG=1",
					"$(inherited)",
				);
				GCC_WARN_64_TO_32_BIT_CONVERSION = YES;
				GCC_WARN_ABOUT_RETURN_TYPE = YES_ERROR;
				GCC_WARN_UNDECLARED_SELECTOR = YES;
				GCC_WARN_UNINITIALIZED_AUTOS = YES_AGGRESSIVE;
				GCC_WARN_UNUSED_FUNCTION = YES;
				GCC_WARN_UNUSED_VARIABLE = YES;
				IPHONEOS_DEPLOYMENT_TARGET = 14.4;
				MTL_ENABLE_DEBUG_INFO = INCLUDE_SOURCE;
				MTL_FAST_MATH = YES;
				ONLY_ACTIVE_ARCH = YES;
				SDKROOT = iphoneos;
				SWIFT_ACTIVE_COMPILATION_CONDITIONS = DEBUG;
				SWIFT_OPTIMIZATION_LEVEL = "-Onone";
			};
			name = Debug;
		};
		7A71BD092625292B00E6FA9E /* Release */ = {
			isa = XCBuildConfiguration;
			buildSettings = {
				ALWAYS_SEARCH_USER_PATHS = NO;
				CLANG_ANALYZER_NONNULL = YES;
				CLANG_ANALYZER_NUMBER_OBJECT_CONVERSION = YES_AGGRESSIVE;
				CLANG_CXX_LANGUAGE_STANDARD = "gnu++14";
				CLANG_CXX_LIBRARY = "libc++";
				CLANG_ENABLE_MODULES = YES;
				CLANG_ENABLE_OBJC_ARC = YES;
				CLANG_ENABLE_OBJC_WEAK = YES;
				CLANG_WARN_BLOCK_CAPTURE_AUTORELEASING = YES;
				CLANG_WARN_BOOL_CONVERSION = YES;
				CLANG_WARN_COMMA = YES;
				CLANG_WARN_CONSTANT_CONVERSION = YES;
				CLANG_WARN_DEPRECATED_OBJC_IMPLEMENTATIONS = YES;
				CLANG_WARN_DIRECT_OBJC_ISA_USAGE = YES_ERROR;
				CLANG_WARN_DOCUMENTATION_COMMENTS = YES;
				CLANG_WARN_EMPTY_BODY = YES;
				CLANG_WARN_ENUM_CONVERSION = YES;
				CLANG_WARN_INFINITE_RECURSION = YES;
				CLANG_WARN_INT_CONVERSION = YES;
				CLANG_WARN_NON_LITERAL_NULL_CONVERSION = YES;
				CLANG_WARN_OBJC_IMPLICIT_RETAIN_SELF = YES;
				CLANG_WARN_OBJC_LITERAL_CONVERSION = YES;
				CLANG_WARN_OBJC_ROOT_CLASS = YES_ERROR;
				CLANG_WARN_QUOTED_INCLUDE_IN_FRAMEWORK_HEADER = YES;
				CLANG_WARN_RANGE_LOOP_ANALYSIS = YES;
				CLANG_WARN_STRICT_PROTOTYPES = YES;
				CLANG_WARN_SUSPICIOUS_MOVE = YES;
				CLANG_WARN_UNGUARDED_AVAILABILITY = YES_AGGRESSIVE;
				CLANG_WARN_UNREACHABLE_CODE = YES;
				CLANG_WARN__DUPLICATE_METHOD_MATCH = YES;
				COPY_PHASE_STRIP = NO;
				DEBUG_INFORMATION_FORMAT = "dwarf-with-dsym";
				ENABLE_NS_ASSERTIONS = NO;
				ENABLE_STRICT_OBJC_MSGSEND = YES;
				GCC_C_LANGUAGE_STANDARD = gnu11;
				GCC_NO_COMMON_BLOCKS = YES;
				GCC_WARN_64_TO_32_BIT_CONVERSION = YES;
				GCC_WARN_ABOUT_RETURN_TYPE = YES_ERROR;
				GCC_WARN_UNDECLARED_SELECTOR = YES;
				GCC_WARN_UNINITIALIZED_AUTOS = YES_AGGRESSIVE;
				GCC_WARN_UNUSED_FUNCTION = YES;
				GCC_WARN_UNUSED_VARIABLE = YES;
				IPHONEOS_DEPLOYMENT_TARGET = 14.4;
				MTL_ENABLE_DEBUG_INFO = NO;
				MTL_FAST_MATH = YES;
				SDKROOT = iphoneos;
				SWIFT_COMPILATION_MODE = wholemodule;
				SWIFT_OPTIMIZATION_LEVEL = "-O";
				VALIDATE_PRODUCT = YES;
			};
			name = Release;
		};
		7A71BD0B2625292B00E6FA9E /* Debug */ = {
			isa = XCBuildConfiguration;
			baseConfigurationReference = 71B5DFCDF98DAA323331D1BC /* Pods-BestFriends.debug.xcconfig */;
			buildSettings = {
				ASSETCATALOG_COMPILER_APPICON_NAME = AppIcon;
				ASSETCATALOG_COMPILER_GLOBAL_ACCENT_COLOR_NAME = AccentColor;
				CODE_SIGN_STYLE = Automatic;
				DEVELOPMENT_ASSET_PATHS = "\"BestFriends/Preview Content\"";
				DEVELOPMENT_TEAM = U4W8K74MFC;
				ENABLE_PREVIEWS = YES;
				INFOPLIST_FILE = BestFriends/Info.plist;
				IPHONEOS_DEPLOYMENT_TARGET = 14.0;
				LD_RUNPATH_SEARCH_PATHS = (
					"$(inherited)",
					"@executable_path/Frameworks",
				);
				PRODUCT_BUNDLE_IDENTIFIER = socialtech.BestFriends;
				PRODUCT_NAME = "$(TARGET_NAME)";
				SWIFT_VERSION = 5.0;
				TARGETED_DEVICE_FAMILY = "1,2";
			};
			name = Debug;
		};
		7A71BD0C2625292B00E6FA9E /* Release */ = {
			isa = XCBuildConfiguration;
			baseConfigurationReference = 2456D32343F6CB345703D20B /* Pods-BestFriends.release.xcconfig */;
			buildSettings = {
				ASSETCATALOG_COMPILER_APPICON_NAME = AppIcon;
				ASSETCATALOG_COMPILER_GLOBAL_ACCENT_COLOR_NAME = AccentColor;
				CODE_SIGN_STYLE = Automatic;
				DEVELOPMENT_ASSET_PATHS = "\"BestFriends/Preview Content\"";
				DEVELOPMENT_TEAM = U4W8K74MFC;
				ENABLE_PREVIEWS = YES;
				INFOPLIST_FILE = BestFriends/Info.plist;
				IPHONEOS_DEPLOYMENT_TARGET = 14.0;
				LD_RUNPATH_SEARCH_PATHS = (
					"$(inherited)",
					"@executable_path/Frameworks",
				);
				PRODUCT_BUNDLE_IDENTIFIER = socialtech.BestFriends;
				PRODUCT_NAME = "$(TARGET_NAME)";
				SWIFT_VERSION = 5.0;
				TARGETED_DEVICE_FAMILY = "1,2";
			};
			name = Release;
		};
/* End XCBuildConfiguration section */

/* Begin XCConfigurationList section */
		7A71BCF62625292A00E6FA9E /* Build configuration list for PBXProject "BestFriends" */ = {
			isa = XCConfigurationList;
			buildConfigurations = (
				7A71BD082625292B00E6FA9E /* Debug */,
				7A71BD092625292B00E6FA9E /* Release */,
			);
			defaultConfigurationIsVisible = 0;
			defaultConfigurationName = Release;
		};
		7A71BD0A2625292B00E6FA9E /* Build configuration list for PBXNativeTarget "BestFriends" */ = {
			isa = XCConfigurationList;
			buildConfigurations = (
				7A71BD0B2625292B00E6FA9E /* Debug */,
				7A71BD0C2625292B00E6FA9E /* Release */,
			);
			defaultConfigurationIsVisible = 0;
			defaultConfigurationName = Release;
		};
/* End XCConfigurationList section */
	};
	rootObject = 7A71BCF32625292A00E6FA9E /* Project object */;
}
