// !$*UTF8*$!
{
	archiveVersion = 1;
	classes = {
	};
	objectVersion = 51;
	objects = {

/* Begin PBXBuildFile section */
		022365EEE0F8A028BE2E2A3F /* Message+Schema.swift in Sources */ = {isa = PBXBuildFile; fileRef = 19E83D8ABA3F46EEB8785E44 /* Message+Schema.swift */; };
		0671786ACECB150C46CF88E8 /* Message.swift in Sources */ = {isa = PBXBuildFile; fileRef = 42D64405355643289A8035B8 /* Message.swift */; };
		0A83B8FEF0AD77CED43B4F41 /* AmplifyModels.swift in Sources */ = {isa = PBXBuildFile; fileRef = C4BF332F0047438D8BC66E13 /* AmplifyModels.swift */; };
		0B8A5735A1E658DE4FC62119 /* amplifyconfiguration.json in Resources */ = {isa = PBXBuildFile; fileRef = 7A71BD1526252B0200E6FA9E /* amplifyconfiguration.json */; };
		0DDF637AD6D067513082CCF9 /* ReportedMessage.swift in Sources */ = {isa = PBXBuildFile; fileRef = 277B48DCD6F3795913CB8E7E /* ReportedMessage.swift */; };
		15C914E3BDA25500D050B277 /* Room.swift in Sources */ = {isa = PBXBuildFile; fileRef = A22146DA7D2C4FF68985049A /* Room.swift */; };
		1CEB4306559911B9B3658CF3 /* Message+Schema.swift in Sources */ = {isa = PBXBuildFile; fileRef = 19E83D8ABA3F46EEB8785E44 /* Message+Schema.swift */; };
		1D37B58C1F0D89EA1794C0EF /* ReportedMessage+Schema.swift in Sources */ = {isa = PBXBuildFile; fileRef = 57FBFB42098DF99F6CDE844A /* ReportedMessage+Schema.swift */; };
		1E7C5B77E12EC898F10D69BB /* User+Schema.swift in Sources */ = {isa = PBXBuildFile; fileRef = DB24A96E58E94680A190216A /* User+Schema.swift */; };
		1E8DC087BEF1F92F47CEE099 /* ReportedMessage.swift in Sources */ = {isa = PBXBuildFile; fileRef = 277B48DCD6F3795913CB8E7E /* ReportedMessage.swift */; };
		221B32BB2FDB4A74A8AC7691 /* awsconfiguration.json in Resources */ = {isa = PBXBuildFile; fileRef = A124BF81FC8B40FBA8260C00 /* awsconfiguration.json */; };
		22AF4F61FE0C4025498B38CF /* Room+Schema.swift in Sources */ = {isa = PBXBuildFile; fileRef = 6938CF675DE8432796534940 /* Room+Schema.swift */; };
		23C49EFC4154BF7DF764B9AF /* Room.swift in Sources */ = {isa = PBXBuildFile; fileRef = A22146DA7D2C4FF68985049A /* Room.swift */; };
		242A027DC74FA98F23E36884 /* amplifyconfiguration.json in Resources */ = {isa = PBXBuildFile; fileRef = C95590B9F99E4975B4D806B7 /* amplifyconfiguration.json */; };
		24481C20A13049E6A98BAB56 /* User.swift in Sources */ = {isa = PBXBuildFile; fileRef = E31DEA02CBB542D5AA59CA4B /* User.swift */; };
		25EE09CBD6D5045339DB2CE3 /* ReportedMessage+Schema.swift in Sources */ = {isa = PBXBuildFile; fileRef = 57FBFB42098DF99F6CDE844A /* ReportedMessage+Schema.swift */; };
		274F96C2EC40F1750969C164 /* Message+Schema.swift in Sources */ = {isa = PBXBuildFile; fileRef = 19E83D8ABA3F46EEB8785E44 /* Message+Schema.swift */; };
		2AEB7D73941F5D3330870819 /* Room.swift in Sources */ = {isa = PBXBuildFile; fileRef = A22146DA7D2C4FF68985049A /* Room.swift */; };
		2BCFF6575FA10AC07F1C7A2C /* ReportedMessage+Schema.swift in Sources */ = {isa = PBXBuildFile; fileRef = 57FBFB42098DF99F6CDE844A /* ReportedMessage+Schema.swift */; };
		2C303AB2F4DCCFCE153C1B24 /* Message.swift in Sources */ = {isa = PBXBuildFile; fileRef = 42D64405355643289A8035B8 /* Message.swift */; };
		2C932E3E03457BE2ED135C3F /* Room.swift in Sources */ = {isa = PBXBuildFile; fileRef = A22146DA7D2C4FF68985049A /* Room.swift */; };
		2D5448E868D8E3B2F77DB8B9 /* Room.swift in Sources */ = {isa = PBXBuildFile; fileRef = A22146DA7D2C4FF68985049A /* Room.swift */; };
		305854323792558A4A1A518C /* Message.swift in Sources */ = {isa = PBXBuildFile; fileRef = 42D64405355643289A8035B8 /* Message.swift */; };
		3145E0E5CE17043ADA0D5422 /* User.swift in Sources */ = {isa = PBXBuildFile; fileRef = E31DEA02CBB542D5AA59CA4B /* User.swift */; };
		31843DD5A561448D8998CA30 /* Room+Schema.swift in Sources */ = {isa = PBXBuildFile; fileRef = 6938CF675DE8432796534940 /* Room+Schema.swift */; };
		32497A5B1BE051F67C2DBF00 /* AmplifyModels.swift in Sources */ = {isa = PBXBuildFile; fileRef = C4BF332F0047438D8BC66E13 /* AmplifyModels.swift */; };
		338DFF00E2A84783DDC53568 /* Message.swift in Sources */ = {isa = PBXBuildFile; fileRef = 42D64405355643289A8035B8 /* Message.swift */; };
		34BF2987B33E35AE2FA98E84 /* User+Schema.swift in Sources */ = {isa = PBXBuildFile; fileRef = DB24A96E58E94680A190216A /* User+Schema.swift */; };
		3538CC4D46D5A0BFA35F1192 /* User.swift in Sources */ = {isa = PBXBuildFile; fileRef = E31DEA02CBB542D5AA59CA4B /* User.swift */; };
		371A608B589BED4B51C92A46 /* awsconfiguration.json in Resources */ = {isa = PBXBuildFile; fileRef = A124BF81FC8B40FBA8260C00 /* awsconfiguration.json */; };
		3C3FB2395155D9C097328686 /* User+Schema.swift in Sources */ = {isa = PBXBuildFile; fileRef = DB24A96E58E94680A190216A /* User+Schema.swift */; };
		3FAFF6936D7B422DBF25E91A /* Message.swift in Sources */ = {isa = PBXBuildFile; fileRef = 42D64405355643289A8035B8 /* Message.swift */; };
		43FBF4B6AEB15D3660E44192 /* Message.swift in Sources */ = {isa = PBXBuildFile; fileRef = 42D64405355643289A8035B8 /* Message.swift */; };
		46527AC65BCAE963361E00F0 /* ReportedMessage.swift in Sources */ = {isa = PBXBuildFile; fileRef = 277B48DCD6F3795913CB8E7E /* ReportedMessage.swift */; };
		465E146884826052FA24AA60 /* Room+Schema.swift in Sources */ = {isa = PBXBuildFile; fileRef = 6938CF675DE8432796534940 /* Room+Schema.swift */; };
		46791643C6EBAF6EB2B027C6 /* User.swift in Sources */ = {isa = PBXBuildFile; fileRef = E31DEA02CBB542D5AA59CA4B /* User.swift */; };
		46F3F6EFB7074D9A590873D3 /* User.swift in Sources */ = {isa = PBXBuildFile; fileRef = E31DEA02CBB542D5AA59CA4B /* User.swift */; };
		4A0EE14A55E35F38E0951451 /* Room+Schema.swift in Sources */ = {isa = PBXBuildFile; fileRef = 6938CF675DE8432796534940 /* Room+Schema.swift */; };
		501DD3033F14DD6F9FE2FD02 /* Room+Schema.swift in Sources */ = {isa = PBXBuildFile; fileRef = 6938CF675DE8432796534940 /* Room+Schema.swift */; };
		509DEB9E61F9F50DE54287CC /* User+Schema.swift in Sources */ = {isa = PBXBuildFile; fileRef = DB24A96E58E94680A190216A /* User+Schema.swift */; };
		50CB6AE5A0477FF85FEF0B97 /* Message.swift in Sources */ = {isa = PBXBuildFile; fileRef = 42D64405355643289A8035B8 /* Message.swift */; };
		526CB99FF22255852639A6B3 /* AmplifyModels.swift in Sources */ = {isa = PBXBuildFile; fileRef = C4BF332F0047438D8BC66E13 /* AmplifyModels.swift */; };
		5361116234EF899CFD549392 /* Message+Schema.swift in Sources */ = {isa = PBXBuildFile; fileRef = 19E83D8ABA3F46EEB8785E44 /* Message+Schema.swift */; };
		549FE077FC80E1138AAA1A98 /* AmplifyModels.swift in Sources */ = {isa = PBXBuildFile; fileRef = C4BF332F0047438D8BC66E13 /* AmplifyModels.swift */; };
		54D643D7DB636616E72ECCFD /* Message+Schema.swift in Sources */ = {isa = PBXBuildFile; fileRef = 19E83D8ABA3F46EEB8785E44 /* Message+Schema.swift */; };
		55B6A21358602EE0DE7C234E /* Room+Schema.swift in Sources */ = {isa = PBXBuildFile; fileRef = 6938CF675DE8432796534940 /* Room+Schema.swift */; };
		5604759D595C31770986E9DB /* AmplifyModels.swift in Sources */ = {isa = PBXBuildFile; fileRef = C4BF332F0047438D8BC66E13 /* AmplifyModels.swift */; };
		56AACACC183D2DB3F6E65CF6 /* AmplifyModels.swift in Sources */ = {isa = PBXBuildFile; fileRef = C4BF332F0047438D8BC66E13 /* AmplifyModels.swift */; };
		57FCC633F6C2DBE10FE73CF3 /* Room.swift in Sources */ = {isa = PBXBuildFile; fileRef = A22146DA7D2C4FF68985049A /* Room.swift */; };
		5CC0808D963A49AE969F958B /* Room.swift in Sources */ = {isa = PBXBuildFile; fileRef = A22146DA7D2C4FF68985049A /* Room.swift */; };
		5D4D93AB0A0AE42862CF1C14 /* Message.swift in Sources */ = {isa = PBXBuildFile; fileRef = 42D64405355643289A8035B8 /* Message.swift */; };
		5EA31C694618CCAB2CFE2BDE /* Message.swift in Sources */ = {isa = PBXBuildFile; fileRef = 42D64405355643289A8035B8 /* Message.swift */; };
		5F191B231895C081FA325B55 /* User+Schema.swift in Sources */ = {isa = PBXBuildFile; fileRef = DB24A96E58E94680A190216A /* User+Schema.swift */; };
		60B293451EBBEBA36B24B7AE /* Message.swift in Sources */ = {isa = PBXBuildFile; fileRef = 42D64405355643289A8035B8 /* Message.swift */; };
		61B717AC7CC5C6028851470E /* Room+Schema.swift in Sources */ = {isa = PBXBuildFile; fileRef = 6938CF675DE8432796534940 /* Room+Schema.swift */; };
		63B94C1A963D52C6AF13E5E2 /* User+Schema.swift in Sources */ = {isa = PBXBuildFile; fileRef = DB24A96E58E94680A190216A /* User+Schema.swift */; };
		65A53B669FCD9653F5AD90CA /* AmplifyModels.swift in Sources */ = {isa = PBXBuildFile; fileRef = C4BF332F0047438D8BC66E13 /* AmplifyModels.swift */; };
		65C68608F0AAA5FE3FC8297B /* Message+Schema.swift in Sources */ = {isa = PBXBuildFile; fileRef = 19E83D8ABA3F46EEB8785E44 /* Message+Schema.swift */; };
		66FA0758D3541691EAEF1509 /* User+Schema.swift in Sources */ = {isa = PBXBuildFile; fileRef = DB24A96E58E94680A190216A /* User+Schema.swift */; };
		68C178D3CA989F5249027697 /* Message+Schema.swift in Sources */ = {isa = PBXBuildFile; fileRef = 19E83D8ABA3F46EEB8785E44 /* Message+Schema.swift */; };
		6FCBFC40BA00DE840AEAC7C8 /* Message+Schema.swift in Sources */ = {isa = PBXBuildFile; fileRef = 19E83D8ABA3F46EEB8785E44 /* Message+Schema.swift */; };
		72C99B5350F9212CD7229578 /* Room+Schema.swift in Sources */ = {isa = PBXBuildFile; fileRef = 6938CF675DE8432796534940 /* Room+Schema.swift */; };
		731A632F165838CC46E676FB /* Room.swift in Sources */ = {isa = PBXBuildFile; fileRef = A22146DA7D2C4FF68985049A /* Room.swift */; };
		7581976595830FCB487E7844 /* AmplifyModels.swift in Sources */ = {isa = PBXBuildFile; fileRef = C4BF332F0047438D8BC66E13 /* AmplifyModels.swift */; };
		77FC07C16E388B9965B5EC17 /* Room.swift in Sources */ = {isa = PBXBuildFile; fileRef = A22146DA7D2C4FF68985049A /* Room.swift */; };
		78F9D5FE5DD3051379CAC40E /* User+Schema.swift in Sources */ = {isa = PBXBuildFile; fileRef = DB24A96E58E94680A190216A /* User+Schema.swift */; };
		7A08E366264FB6DB00AEBC8F /* PushNotificationManager.swift in Sources */ = {isa = PBXBuildFile; fileRef = 7A08E365264FB6DB00AEBC8F /* PushNotificationManager.swift */; };
		7A1521C2262DE5BC00EC15B4 /* UserDataSource.swift in Sources */ = {isa = PBXBuildFile; fileRef = 7A1521C1262DE5BC00EC15B4 /* UserDataSource.swift */; };
		7A33B63C2640D463004CB47F /* MessageRoomView.swift in Sources */ = {isa = PBXBuildFile; fileRef = 7A33B63B2640D463004CB47F /* MessageRoomView.swift */; };
		7A4C3D79265048100074E0E0 /* GoogleService-Info.plist in Resources */ = {isa = PBXBuildFile; fileRef = 7A4C3D78265048100074E0E0 /* GoogleService-Info.plist */; };
		7A6A4CDA262B658200561D87 /* MessageDataSource.swift in Sources */ = {isa = PBXBuildFile; fileRef = 7A6A4CD9262B658200561D87 /* MessageDataSource.swift */; };
		7A6A4D04262B889D00561D87 /* backgroundAnimation.mp4 in Resources */ = {isa = PBXBuildFile; fileRef = 7A6A4D02262B868D00561D87 /* backgroundAnimation.mp4 */; };
		7A6A4D07262B8A5000561D87 /* PlayerView.swift in Sources */ = {isa = PBXBuildFile; fileRef = 7A6A4D06262B8A5000561D87 /* PlayerView.swift */; };
		7A71BCFF2625292A00E6FA9E /* BestFriendsApp.swift in Sources */ = {isa = PBXBuildFile; fileRef = 7A71BCFE2625292A00E6FA9E /* BestFriendsApp.swift */; };
		7A71BD012625292A00E6FA9E /* SignUpView.swift in Sources */ = {isa = PBXBuildFile; fileRef = 7A71BD002625292A00E6FA9E /* SignUpView.swift */; };
		7A71BD032625292B00E6FA9E /* Assets.xcassets in Resources */ = {isa = PBXBuildFile; fileRef = 7A71BD022625292B00E6FA9E /* Assets.xcassets */; };
		7A71BD062625292B00E6FA9E /* Preview Assets.xcassets in Resources */ = {isa = PBXBuildFile; fileRef = 7A71BD052625292B00E6FA9E /* Preview Assets.xcassets */; };
		7A71BD1626252B0300E6FA9E /* awsconfiguration.json in Resources */ = {isa = PBXBuildFile; fileRef = 7A71BD1426252B0200E6FA9E /* awsconfiguration.json */; };
		7A71BD1726252B0300E6FA9E /* amplifyconfiguration.json in Resources */ = {isa = PBXBuildFile; fileRef = 7A71BD1526252B0200E6FA9E /* amplifyconfiguration.json */; };
		7A7F6E38264305AA0022F078 /* ChatBubble.swift in Sources */ = {isa = PBXBuildFile; fileRef = 7A7F6E37264305AA0022F078 /* ChatBubble.swift */; };
		7A8F4260265797FD00E9CBF0 /* ReportedMessage+Schema.swift in Sources */ = {isa = PBXBuildFile; fileRef = 7A8F4257265797FD00E9CBF0 /* ReportedMessage+Schema.swift */; };
		7A8F4261265797FD00E9CBF0 /* AmplifyModels.swift in Sources */ = {isa = PBXBuildFile; fileRef = 7A8F4258265797FD00E9CBF0 /* AmplifyModels.swift */; };
		7A8F4262265797FD00E9CBF0 /* ReportedMessage.swift in Sources */ = {isa = PBXBuildFile; fileRef = 7A8F4259265797FD00E9CBF0 /* ReportedMessage.swift */; };
		7A8F4263265797FD00E9CBF0 /* Message.swift in Sources */ = {isa = PBXBuildFile; fileRef = 7A8F425A265797FD00E9CBF0 /* Message.swift */; };
		7A8F4264265797FD00E9CBF0 /* User+Schema.swift in Sources */ = {isa = PBXBuildFile; fileRef = 7A8F425B265797FD00E9CBF0 /* User+Schema.swift */; };
		7A8F4265265797FD00E9CBF0 /* User.swift in Sources */ = {isa = PBXBuildFile; fileRef = 7A8F425C265797FD00E9CBF0 /* User.swift */; };
		7A8F4266265797FD00E9CBF0 /* Room.swift in Sources */ = {isa = PBXBuildFile; fileRef = 7A8F425D265797FD00E9CBF0 /* Room.swift */; };
		7A8F4267265797FD00E9CBF0 /* Room+Schema.swift in Sources */ = {isa = PBXBuildFile; fileRef = 7A8F425E265797FD00E9CBF0 /* Room+Schema.swift */; };
		7A8F4268265797FD00E9CBF0 /* Message+Schema.swift in Sources */ = {isa = PBXBuildFile; fileRef = 7A8F425F265797FD00E9CBF0 /* Message+Schema.swift */; };
		7A934002264FC94900BB5972 /* PushNotificationSender.swift in Sources */ = {isa = PBXBuildFile; fileRef = 7A934001264FC94900BB5972 /* PushNotificationSender.swift */; };
		7A95EA5826530DDA00C6C700 /* PinView.swift in Sources */ = {isa = PBXBuildFile; fileRef = 7A95EA5726530DDA00C6C700 /* PinView.swift */; };
		7A9A733F265744A900177652 /* BlueMessageRoomView.swift in Sources */ = {isa = PBXBuildFile; fileRef = 7A9A733E265744A900177652 /* BlueMessageRoomView.swift */; };
		7AA200FD2635C6EF00C9F00C /* RoomDataSource.swift in Sources */ = {isa = PBXBuildFile; fileRef = 7AA200FC2635C6EF00C9F00C /* RoomDataSource.swift */; };
		7AA2010F2635D21100C9F00C /* RoomsView.swift in Sources */ = {isa = PBXBuildFile; fileRef = 7AA2010E2635D21100C9F00C /* RoomsView.swift */; };
		7AA201112635D2E100C9F00C /* RoomRow.swift in Sources */ = {isa = PBXBuildFile; fileRef = 7AA201102635D2E100C9F00C /* RoomRow.swift */; };
		7AA201132635D5F500C9F00C /* Room+Extensions.swift in Sources */ = {isa = PBXBuildFile; fileRef = 7AA201122635D5F500C9F00C /* Room+Extensions.swift */; };
		7AB62A8526426F86005A7744 /* SettingsView.swift in Sources */ = {isa = PBXBuildFile; fileRef = 7AB62A8426426F86005A7744 /* SettingsView.swift */; };
		7AC0DA9C262BAF3B007FC643 /* UserManager.swift in Sources */ = {isa = PBXBuildFile; fileRef = 7AC0DA9B262BAF3B007FC643 /* UserManager.swift */; };
		7AC8A23F26578C3E001812EF /* LocationManager.swift in Sources */ = {isa = PBXBuildFile; fileRef = 7AC8A23E26578C3E001812EF /* LocationManager.swift */; };
		7AE31CBF262A9A94001EC5A3 /* LoginView.swift in Sources */ = {isa = PBXBuildFile; fileRef = 7AE31CBE262A9A94001EC5A3 /* LoginView.swift */; };
		7AE31CC2262A9BE1001EC5A3 /* LandingView.swift in Sources */ = {isa = PBXBuildFile; fileRef = 7AE31CC1262A9BE1001EC5A3 /* LandingView.swift */; };
		7AE31CC5262A9C57001EC5A3 /* ConfirmationView.swift in Sources */ = {isa = PBXBuildFile; fileRef = 7AE31CC4262A9C57001EC5A3 /* ConfirmationView.swift */; };
		7AE31CC8262A9D34001EC5A3 /* SessionManager.swift in Sources */ = {isa = PBXBuildFile; fileRef = 7AE31CC7262A9D34001EC5A3 /* SessionManager.swift */; };
		7AED44FC26473F7100944708 /* AppDelegate.swift in Sources */ = {isa = PBXBuildFile; fileRef = 7AED44FB26473F7100944708 /* AppDelegate.swift */; };
		7AEFD543262CED3A00247757 /* QRCodeView.swift in Sources */ = {isa = PBXBuildFile; fileRef = 7AEFD542262CED3A00247757 /* QRCodeView.swift */; };
		7AEFD546262CED7A00247757 /* ImagePicker.swift in Sources */ = {isa = PBXBuildFile; fileRef = 7AEFD545262CED7A00247757 /* ImagePicker.swift */; };
		7AF6973F2630EE1900CF49CC /* Star.swift in Sources */ = {isa = PBXBuildFile; fileRef = 7AF6973E2630EE1900CF49CC /* Star.swift */; };
		7B13219293464569BD3ABE91 /* amplifyconfiguration.json in Resources */ = {isa = PBXBuildFile; fileRef = C95590B9F99E4975B4D806B7 /* amplifyconfiguration.json */; };
		7B1E9A27E36DA1C1943BC11F /* Room.swift in Sources */ = {isa = PBXBuildFile; fileRef = A22146DA7D2C4FF68985049A /* Room.swift */; };
		7C378F2D8EE76AAEC4410FDA /* Room+Schema.swift in Sources */ = {isa = PBXBuildFile; fileRef = 6938CF675DE8432796534940 /* Room+Schema.swift */; };
		7F04B650E760813B24099463 /* Room+Schema.swift in Sources */ = {isa = PBXBuildFile; fileRef = 6938CF675DE8432796534940 /* Room+Schema.swift */; };
		814E2C76840C686927ADBBCF /* Room+Schema.swift in Sources */ = {isa = PBXBuildFile; fileRef = 6938CF675DE8432796534940 /* Room+Schema.swift */; };
		8195EF9985493DF0513FE41E /* Room.swift in Sources */ = {isa = PBXBuildFile; fileRef = A22146DA7D2C4FF68985049A /* Room.swift */; };
		84EA879CC8D44C9CB6FBFFCB /* Message+Schema.swift in Sources */ = {isa = PBXBuildFile; fileRef = 19E83D8ABA3F46EEB8785E44 /* Message+Schema.swift */; };
		8525261D20BAFDDB5000B434 /* User+Schema.swift in Sources */ = {isa = PBXBuildFile; fileRef = DB24A96E58E94680A190216A /* User+Schema.swift */; };
		878B397ACE5C6EB7A0702603 /* ReportedMessage+Schema.swift in Sources */ = {isa = PBXBuildFile; fileRef = 57FBFB42098DF99F6CDE844A /* ReportedMessage+Schema.swift */; };
		8ADA4253434C55F202365574 /* ReportedMessage.swift in Sources */ = {isa = PBXBuildFile; fileRef = 277B48DCD6F3795913CB8E7E /* ReportedMessage.swift */; };
		8DFA6C0C1027C5D93D05C2C0 /* Message+Schema.swift in Sources */ = {isa = PBXBuildFile; fileRef = 19E83D8ABA3F46EEB8785E44 /* Message+Schema.swift */; };
		8E8C4C915C414F62393EDF24 /* User.swift in Sources */ = {isa = PBXBuildFile; fileRef = E31DEA02CBB542D5AA59CA4B /* User.swift */; };
		8F058474DF8708334F0D590E /* User.swift in Sources */ = {isa = PBXBuildFile; fileRef = E31DEA02CBB542D5AA59CA4B /* User.swift */; };
		8F464A0A6BEA4CD09C25CF86 /* AmplifyModels.swift in Sources */ = {isa = PBXBuildFile; fileRef = C4BF332F0047438D8BC66E13 /* AmplifyModels.swift */; };
		8FE1F6B29927D7277CD1FB6A /* Room+Schema.swift in Sources */ = {isa = PBXBuildFile; fileRef = 6938CF675DE8432796534940 /* Room+Schema.swift */; };
		93096F3D5D117A3B05E29A67 /* Room+Schema.swift in Sources */ = {isa = PBXBuildFile; fileRef = 6938CF675DE8432796534940 /* Room+Schema.swift */; };
		937B3A060884FD3387D7DE64 /* User+Schema.swift in Sources */ = {isa = PBXBuildFile; fileRef = DB24A96E58E94680A190216A /* User+Schema.swift */; };
		93BAA494B7C636FE258E29BA /* Message+Schema.swift in Sources */ = {isa = PBXBuildFile; fileRef = 19E83D8ABA3F46EEB8785E44 /* Message+Schema.swift */; };
		96BE80D3C2D79258AB967B6C /* Room+Schema.swift in Sources */ = {isa = PBXBuildFile; fileRef = 6938CF675DE8432796534940 /* Room+Schema.swift */; };
		9916DE97C16E159A69C25B42 /* Message+Schema.swift in Sources */ = {isa = PBXBuildFile; fileRef = 19E83D8ABA3F46EEB8785E44 /* Message+Schema.swift */; };
		9BCBE8B67FA3DF4CC48CB9E2 /* Room.swift in Sources */ = {isa = PBXBuildFile; fileRef = A22146DA7D2C4FF68985049A /* Room.swift */; };
		A04F3874D90661DBC964AF00 /* User.swift in Sources */ = {isa = PBXBuildFile; fileRef = E31DEA02CBB542D5AA59CA4B /* User.swift */; };
		A20883FC4BFEC45F646B169E /* User+Schema.swift in Sources */ = {isa = PBXBuildFile; fileRef = DB24A96E58E94680A190216A /* User+Schema.swift */; };
		A31644573038796B82EFAD25 /* ReportedMessage+Schema.swift in Sources */ = {isa = PBXBuildFile; fileRef = 57FBFB42098DF99F6CDE844A /* ReportedMessage+Schema.swift */; };
		A5B2804ED2A42A48A58E5076 /* Message.swift in Sources */ = {isa = PBXBuildFile; fileRef = 42D64405355643289A8035B8 /* Message.swift */; };
		A660C4679BA4FBE0D97E4A8A /* Message+Schema.swift in Sources */ = {isa = PBXBuildFile; fileRef = 19E83D8ABA3F46EEB8785E44 /* Message+Schema.swift */; };
		A8B16C4337B39FBF513CF14E /* User.swift in Sources */ = {isa = PBXBuildFile; fileRef = E31DEA02CBB542D5AA59CA4B /* User.swift */; };
		A8DF522C45B5D1E27ECFA53B /* User.swift in Sources */ = {isa = PBXBuildFile; fileRef = E31DEA02CBB542D5AA59CA4B /* User.swift */; };
		A92A5D1570B625FA91DDEF74 /* Message.swift in Sources */ = {isa = PBXBuildFile; fileRef = 42D64405355643289A8035B8 /* Message.swift */; };
		AB791B981F62744749FC786D /* awsconfiguration.json in Resources */ = {isa = PBXBuildFile; fileRef = A124BF81FC8B40FBA8260C00 /* awsconfiguration.json */; };
		AE56B536499AFEEF85F2E2A5 /* AmplifyModels.swift in Sources */ = {isa = PBXBuildFile; fileRef = C4BF332F0047438D8BC66E13 /* AmplifyModels.swift */; };
		B031E6E1EB9A9930A2A37A8E /* Message+Schema.swift in Sources */ = {isa = PBXBuildFile; fileRef = 19E83D8ABA3F46EEB8785E44 /* Message+Schema.swift */; };
		B08707960D4A7888FA21D9D5 /* Room.swift in Sources */ = {isa = PBXBuildFile; fileRef = A22146DA7D2C4FF68985049A /* Room.swift */; };
		B0C7AFCB85C34ACC0E38A4B1 /* Room+Schema.swift in Sources */ = {isa = PBXBuildFile; fileRef = 6938CF675DE8432796534940 /* Room+Schema.swift */; };
		B14AFE91CF4341E0A65BEE94 /* ReportedMessage+Schema.swift in Sources */ = {isa = PBXBuildFile; fileRef = 57FBFB42098DF99F6CDE844A /* ReportedMessage+Schema.swift */; };
		B2A9C1ACA664F4176F1E852B /* User+Schema.swift in Sources */ = {isa = PBXBuildFile; fileRef = DB24A96E58E94680A190216A /* User+Schema.swift */; };
		B426DD66F4B45F95BDD316A6 /* Message.swift in Sources */ = {isa = PBXBuildFile; fileRef = 42D64405355643289A8035B8 /* Message.swift */; };
		B4F2F53FF19090F52F04FD07 /* Room.swift in Sources */ = {isa = PBXBuildFile; fileRef = A22146DA7D2C4FF68985049A /* Room.swift */; };
		BA23D66939F6D97CC7921D82 /* User.swift in Sources */ = {isa = PBXBuildFile; fileRef = E31DEA02CBB542D5AA59CA4B /* User.swift */; };
		BA5874FFE8B0019439907566 /* AmplifyModels.swift in Sources */ = {isa = PBXBuildFile; fileRef = C4BF332F0047438D8BC66E13 /* AmplifyModels.swift */; };
		BAA73C73B1F59C7C49B7B17D /* Message+Schema.swift in Sources */ = {isa = PBXBuildFile; fileRef = 19E83D8ABA3F46EEB8785E44 /* Message+Schema.swift */; };
		BAF6287D80906E82F5F341CE /* awsconfiguration.json in Resources */ = {isa = PBXBuildFile; fileRef = 7A71BD1426252B0200E6FA9E /* awsconfiguration.json */; };
		BC2479D8AE43CCF690CE8097 /* Message+Schema.swift in Sources */ = {isa = PBXBuildFile; fileRef = 19E83D8ABA3F46EEB8785E44 /* Message+Schema.swift */; };
		BC4ED38A93D2D1E400E1477B /* User.swift in Sources */ = {isa = PBXBuildFile; fileRef = E31DEA02CBB542D5AA59CA4B /* User.swift */; };
		BC9C960C84181F2B3FE2B5E4 /* Room.swift in Sources */ = {isa = PBXBuildFile; fileRef = A22146DA7D2C4FF68985049A /* Room.swift */; };
		BD165E2C4BE6EBD43DA6A0FE /* AmplifyModels.swift in Sources */ = {isa = PBXBuildFile; fileRef = C4BF332F0047438D8BC66E13 /* AmplifyModels.swift */; };
		C0D408EDC638CE85970F205A /* Message.swift in Sources */ = {isa = PBXBuildFile; fileRef = 42D64405355643289A8035B8 /* Message.swift */; };
		C12E59BC024AA8574F66559E /* Room+Schema.swift in Sources */ = {isa = PBXBuildFile; fileRef = 6938CF675DE8432796534940 /* Room+Schema.swift */; };
		C40B21779B4A21AEE4E5C9BB /* awsconfiguration.json in Resources */ = {isa = PBXBuildFile; fileRef = A124BF81FC8B40FBA8260C00 /* awsconfiguration.json */; };
		C454F27B552AE618EFF45F48 /* AmplifyModels.swift in Sources */ = {isa = PBXBuildFile; fileRef = C4BF332F0047438D8BC66E13 /* AmplifyModels.swift */; };
		C6A858535E070565DF118AAB /* Room.swift in Sources */ = {isa = PBXBuildFile; fileRef = A22146DA7D2C4FF68985049A /* Room.swift */; };
		D1577797264CBBAD00B6551A /* ChangeEmail.swift in Sources */ = {isa = PBXBuildFile; fileRef = D1577796264CBBAD00B6551A /* ChangeEmail.swift */; };
		D157779B264D086000B6551A /* SmileNotesLibrary.swift in Sources */ = {isa = PBXBuildFile; fileRef = D157779A264D086000B6551A /* SmileNotesLibrary.swift */; };
		D157779F264D8EA400B6551A /* ChangeChatBackground.swift in Sources */ = {isa = PBXBuildFile; fileRef = D157779E264D8EA400B6551A /* ChangeChatBackground.swift */; };
		D15777A3264DB7FD00B6551A /* BetaTesters.swift in Sources */ = {isa = PBXBuildFile; fileRef = D15777A2264DB7FD00B6551A /* BetaTesters.swift */; };
		D15777B42650522200B6551A /* SwipeGesture.swift in Sources */ = {isa = PBXBuildFile; fileRef = D15777B32650522200B6551A /* SwipeGesture.swift */; };
		D15CCD692647458900BFE179 /* ResetPassword.swift in Sources */ = {isa = PBXBuildFile; fileRef = D15CCD682647458900BFE179 /* ResetPassword.swift */; };
		D15CCD6F2647A67400BFE179 /* DeleteMyAccount.swift in Sources */ = {isa = PBXBuildFile; fileRef = D15CCD6E2647A67400BFE179 /* DeleteMyAccount.swift */; };
		D15CCD7A2648870500BFE179 /* PrizesDark.swift in Sources */ = {isa = PBXBuildFile; fileRef = D15CCD792648870500BFE179 /* PrizesDark.swift */; };
		D15CCD802648AF4000BFE179 /* DarkModeView.swift in Sources */ = {isa = PBXBuildFile; fileRef = D15CCD7F2648AF4000BFE179 /* DarkModeView.swift */; };
		D15CCD84264908A300BFE179 /* DarkModePage1.swift in Sources */ = {isa = PBXBuildFile; fileRef = D15CCD83264908A300BFE179 /* DarkModePage1.swift */; };
		D15CCD8E264C86D800BFE179 /* BlueModeNotReadyTalk.swift in Sources */ = {isa = PBXBuildFile; fileRef = D15CCD8D264C86D700BFE179 /* BlueModeNotReadyTalk.swift */; };
		D1949C352644E15E00FDB6C5 /* MyAccount.swift in Sources */ = {isa = PBXBuildFile; fileRef = D1949C342644E15E00FDB6C5 /* MyAccount.swift */; };
		D1949C3D2644F42E00FDB6C5 /* BlockFriend.swift in Sources */ = {isa = PBXBuildFile; fileRef = D1949C3C2644F42D00FDB6C5 /* BlockFriend.swift */; };
		D1949C3F2644FC6300FDB6C5 /* ManageMyFriends.swift in Sources */ = {isa = PBXBuildFile; fileRef = D1949C3E2644FC6300FDB6C5 /* ManageMyFriends.swift */; };
		D1949C412644FD4F00FDB6C5 /* DeleteFriend.swift in Sources */ = {isa = PBXBuildFile; fileRef = D1949C402644FD4F00FDB6C5 /* DeleteFriend.swift */; };
		D1D27D3A264303E300BDA75F /* InfoPages.swift in Sources */ = {isa = PBXBuildFile; fileRef = D1D27D39264303E300BDA75F /* InfoPages.swift */; };
		D1E3CFDF2653A35700A26779 /* BlueModeLP.swift in Sources */ = {isa = PBXBuildFile; fileRef = D1E3CFDE2653A35700A26779 /* BlueModeLP.swift */; };
		D1E3CFE326543C4D00A26779 /* ChangePIN.swift in Sources */ = {isa = PBXBuildFile; fileRef = D1E3CFE226543C4D00A26779 /* ChangePIN.swift */; };
		D201C6D8515541F50AD3C719 /* User.swift in Sources */ = {isa = PBXBuildFile; fileRef = E31DEA02CBB542D5AA59CA4B /* User.swift */; };
		D360EFFF81A1960D29489A06 /* User.swift in Sources */ = {isa = PBXBuildFile; fileRef = E31DEA02CBB542D5AA59CA4B /* User.swift */; };
		D700102D6749C68650A383E9 /* User.swift in Sources */ = {isa = PBXBuildFile; fileRef = E31DEA02CBB542D5AA59CA4B /* User.swift */; };
		DB15C6B4674E946ADCCFE253 /* amplifyconfiguration.json in Resources */ = {isa = PBXBuildFile; fileRef = C95590B9F99E4975B4D806B7 /* amplifyconfiguration.json */; };
		DB6EB8B021C24EAB932F2DCC /* User+Schema.swift in Sources */ = {isa = PBXBuildFile; fileRef = DB24A96E58E94680A190216A /* User+Schema.swift */; };
		DBD65123E0B424F8C930E0B3 /* Message+Schema.swift in Sources */ = {isa = PBXBuildFile; fileRef = 19E83D8ABA3F46EEB8785E44 /* Message+Schema.swift */; };
		DCD418FA200B1317E320D295 /* ReportedMessage.swift in Sources */ = {isa = PBXBuildFile; fileRef = 277B48DCD6F3795913CB8E7E /* ReportedMessage.swift */; };
		DDDCFC29B6EB3792B23781BD /* User.swift in Sources */ = {isa = PBXBuildFile; fileRef = E31DEA02CBB542D5AA59CA4B /* User.swift */; };
		DFA71D03CF6E976C515EB902 /* User+Schema.swift in Sources */ = {isa = PBXBuildFile; fileRef = DB24A96E58E94680A190216A /* User+Schema.swift */; };
		E1EA963FDCDEDF76BED98898 /* Room.swift in Sources */ = {isa = PBXBuildFile; fileRef = A22146DA7D2C4FF68985049A /* Room.swift */; };
		E5F8534AC92C93AB3DA39A14 /* User+Schema.swift in Sources */ = {isa = PBXBuildFile; fileRef = DB24A96E58E94680A190216A /* User+Schema.swift */; };
		E64781C9F709D25B802CD011 /* AmplifyModels.swift in Sources */ = {isa = PBXBuildFile; fileRef = C4BF332F0047438D8BC66E13 /* AmplifyModels.swift */; };
		E651934A8005549C6B9ECC28 /* Message+Schema.swift in Sources */ = {isa = PBXBuildFile; fileRef = 19E83D8ABA3F46EEB8785E44 /* Message+Schema.swift */; };
		E6AA8B8CFF0B3ED4E990AB48 /* User+Schema.swift in Sources */ = {isa = PBXBuildFile; fileRef = DB24A96E58E94680A190216A /* User+Schema.swift */; };
		E9E3F159C2FC434B8748CC56 /* Message+Schema.swift in Sources */ = {isa = PBXBuildFile; fileRef = 19E83D8ABA3F46EEB8785E44 /* Message+Schema.swift */; };
		EDD05FF3F02498F20DD5CFE4 /* Message+Schema.swift in Sources */ = {isa = PBXBuildFile; fileRef = 19E83D8ABA3F46EEB8785E44 /* Message+Schema.swift */; };
		EDF592FBA0E9C2EBB80C63B0 /* AmplifyModels.swift in Sources */ = {isa = PBXBuildFile; fileRef = C4BF332F0047438D8BC66E13 /* AmplifyModels.swift */; };
		EE1A3CCD6B79C79F7C476B92 /* Room.swift in Sources */ = {isa = PBXBuildFile; fileRef = A22146DA7D2C4FF68985049A /* Room.swift */; };
		F0CB1CEEB2A43F6F2842A262 /* User.swift in Sources */ = {isa = PBXBuildFile; fileRef = E31DEA02CBB542D5AA59CA4B /* User.swift */; };
		F11E8CF700902496B65C1C89 /* Pods_BestFriends.framework in Frameworks */ = {isa = PBXBuildFile; fileRef = 7E533516C70DC2A502C17893 /* Pods_BestFriends.framework */; };
		F1324683D113A7F735C673FB /* Message.swift in Sources */ = {isa = PBXBuildFile; fileRef = 42D64405355643289A8035B8 /* Message.swift */; };
		F448AA3262ADF2D73791AE6B /* AmplifyModels.swift in Sources */ = {isa = PBXBuildFile; fileRef = C4BF332F0047438D8BC66E13 /* AmplifyModels.swift */; };
		F4D242A7842387FEB78858DA /* awsconfiguration.json in Resources */ = {isa = PBXBuildFile; fileRef = 7A71BD1426252B0200E6FA9E /* awsconfiguration.json */; };
		F63CFB27793A3A3FF58E96B6 /* AmplifyModels.swift in Sources */ = {isa = PBXBuildFile; fileRef = C4BF332F0047438D8BC66E13 /* AmplifyModels.swift */; };
		F7179E96B7FEE3FF832DD68C /* Message.swift in Sources */ = {isa = PBXBuildFile; fileRef = 42D64405355643289A8035B8 /* Message.swift */; };
		F90FF0703C95F3D3F216C5C9 /* Room+Schema.swift in Sources */ = {isa = PBXBuildFile; fileRef = 6938CF675DE8432796534940 /* Room+Schema.swift */; };
		F9AEF842466D79078E5E3E88 /* AmplifyModels.swift in Sources */ = {isa = PBXBuildFile; fileRef = C4BF332F0047438D8BC66E13 /* AmplifyModels.swift */; };
		FABC7029337D477527295A4B /* amplifyconfiguration.json in Resources */ = {isa = PBXBuildFile; fileRef = 7A71BD1526252B0200E6FA9E /* amplifyconfiguration.json */; };
		FADB708799E1553410EFE827 /* amplifyconfiguration.json in Resources */ = {isa = PBXBuildFile; fileRef = C95590B9F99E4975B4D806B7 /* amplifyconfiguration.json */; };
		FCC954ECADC01992D3731835 /* Message.swift in Sources */ = {isa = PBXBuildFile; fileRef = 42D64405355643289A8035B8 /* Message.swift */; };
		FDFBA7AC9BFD4EEB442619DC /* Message.swift in Sources */ = {isa = PBXBuildFile; fileRef = 42D64405355643289A8035B8 /* Message.swift */; };
/* End PBXBuildFile section */

/* Begin PBXFileReference section */
		19E83D8ABA3F46EEB8785E44 /* Message+Schema.swift */ = {isa = PBXFileReference; explicitFileType = undefined; fileEncoding = 4; includeInIndex = 0; lastKnownFileType = sourcecode.swift; name = "Message+Schema.swift"; path = "amplify/generated/models/Message+Schema.swift"; sourceTree = "<group>"; };
		2456D32343F6CB345703D20B /* Pods-BestFriends.release.xcconfig */ = {isa = PBXFileReference; includeInIndex = 1; lastKnownFileType = text.xcconfig; name = "Pods-BestFriends.release.xcconfig"; path = "Target Support Files/Pods-BestFriends/Pods-BestFriends.release.xcconfig"; sourceTree = "<group>"; };
		277B48DCD6F3795913CB8E7E /* ReportedMessage.swift */ = {isa = PBXFileReference; explicitFileType = sourcecode.swift; name = ReportedMessage.swift; path = amplify/generated/models/ReportedMessage.swift; sourceTree = "<group>"; };
		42D64405355643289A8035B8 /* Message.swift */ = {isa = PBXFileReference; explicitFileType = undefined; fileEncoding = 4; includeInIndex = 0; lastKnownFileType = sourcecode.swift; name = Message.swift; path = amplify/generated/models/Message.swift; sourceTree = "<group>"; };
		57FBFB42098DF99F6CDE844A /* ReportedMessage+Schema.swift */ = {isa = PBXFileReference; explicitFileType = sourcecode.swift; name = "ReportedMessage+Schema.swift"; path = "amplify/generated/models/ReportedMessage+Schema.swift"; sourceTree = "<group>"; };
		6938CF675DE8432796534940 /* Room+Schema.swift */ = {isa = PBXFileReference; explicitFileType = undefined; fileEncoding = 4; includeInIndex = 0; lastKnownFileType = sourcecode.swift; name = "Room+Schema.swift"; path = "amplify/generated/models/Room+Schema.swift"; sourceTree = "<group>"; };
		71B5DFCDF98DAA323331D1BC /* Pods-BestFriends.debug.xcconfig */ = {isa = PBXFileReference; includeInIndex = 1; lastKnownFileType = text.xcconfig; name = "Pods-BestFriends.debug.xcconfig"; path = "Target Support Files/Pods-BestFriends/Pods-BestFriends.debug.xcconfig"; sourceTree = "<group>"; };
		762CEB4FA7014E308E51B33B /* amplifytools.xcconfig */ = {isa = PBXFileReference; explicitFileType = undefined; fileEncoding = 4; includeInIndex = 0; lastKnownFileType = text.xcconfig; path = amplifytools.xcconfig; sourceTree = "<group>"; };
		7A08E365264FB6DB00AEBC8F /* PushNotificationManager.swift */ = {isa = PBXFileReference; lastKnownFileType = sourcecode.swift; path = PushNotificationManager.swift; sourceTree = "<group>"; };
		7A1521C1262DE5BC00EC15B4 /* UserDataSource.swift */ = {isa = PBXFileReference; lastKnownFileType = sourcecode.swift; path = UserDataSource.swift; sourceTree = "<group>"; };
		7A33B63B2640D463004CB47F /* MessageRoomView.swift */ = {isa = PBXFileReference; lastKnownFileType = sourcecode.swift; path = MessageRoomView.swift; sourceTree = "<group>"; };
		7A4C3D78265048100074E0E0 /* GoogleService-Info.plist */ = {isa = PBXFileReference; lastKnownFileType = text.plist; path = "GoogleService-Info.plist"; sourceTree = SOURCE_ROOT; };
		7A6A4CD9262B658200561D87 /* MessageDataSource.swift */ = {isa = PBXFileReference; lastKnownFileType = sourcecode.swift; path = MessageDataSource.swift; sourceTree = "<group>"; };
		7A6A4D02262B868D00561D87 /* backgroundAnimation.mp4 */ = {isa = PBXFileReference; lastKnownFileType = file; path = backgroundAnimation.mp4; sourceTree = "<group>"; };
		7A6A4D06262B8A5000561D87 /* PlayerView.swift */ = {isa = PBXFileReference; lastKnownFileType = sourcecode.swift; path = PlayerView.swift; sourceTree = "<group>"; };
		7A71BCFB2625292A00E6FA9E /* BestFriends.app */ = {isa = PBXFileReference; explicitFileType = wrapper.application; includeInIndex = 0; path = BestFriends.app; sourceTree = BUILT_PRODUCTS_DIR; };
		7A71BCFE2625292A00E6FA9E /* BestFriendsApp.swift */ = {isa = PBXFileReference; lastKnownFileType = sourcecode.swift; path = BestFriendsApp.swift; sourceTree = "<group>"; };
		7A71BD002625292A00E6FA9E /* SignUpView.swift */ = {isa = PBXFileReference; lastKnownFileType = sourcecode.swift; path = SignUpView.swift; sourceTree = "<group>"; };
		7A71BD022625292B00E6FA9E /* Assets.xcassets */ = {isa = PBXFileReference; lastKnownFileType = folder.assetcatalog; path = Assets.xcassets; sourceTree = "<group>"; };
		7A71BD052625292B00E6FA9E /* Preview Assets.xcassets */ = {isa = PBXFileReference; lastKnownFileType = folder.assetcatalog; path = "Preview Assets.xcassets"; sourceTree = "<group>"; };
		7A71BD072625292B00E6FA9E /* Info.plist */ = {isa = PBXFileReference; lastKnownFileType = text.plist.xml; path = Info.plist; sourceTree = "<group>"; };
		7A71BD1426252B0200E6FA9E /* awsconfiguration.json */ = {isa = PBXFileReference; fileEncoding = 4; lastKnownFileType = text.json; path = awsconfiguration.json; sourceTree = SOURCE_ROOT; };
		7A71BD1526252B0200E6FA9E /* amplifyconfiguration.json */ = {isa = PBXFileReference; fileEncoding = 4; lastKnownFileType = text.json; path = amplifyconfiguration.json; sourceTree = SOURCE_ROOT; };
		7A7F6E37264305AA0022F078 /* ChatBubble.swift */ = {isa = PBXFileReference; lastKnownFileType = sourcecode.swift; path = ChatBubble.swift; sourceTree = "<group>"; };
		7A8F4257265797FD00E9CBF0 /* ReportedMessage+Schema.swift */ = {isa = PBXFileReference; fileEncoding = 4; lastKnownFileType = sourcecode.swift; path = "ReportedMessage+Schema.swift"; sourceTree = "<group>"; };
		7A8F4258265797FD00E9CBF0 /* AmplifyModels.swift */ = {isa = PBXFileReference; fileEncoding = 4; lastKnownFileType = sourcecode.swift; path = AmplifyModels.swift; sourceTree = "<group>"; };
		7A8F4259265797FD00E9CBF0 /* ReportedMessage.swift */ = {isa = PBXFileReference; fileEncoding = 4; lastKnownFileType = sourcecode.swift; path = ReportedMessage.swift; sourceTree = "<group>"; };
		7A8F425A265797FD00E9CBF0 /* Message.swift */ = {isa = PBXFileReference; fileEncoding = 4; lastKnownFileType = sourcecode.swift; path = Message.swift; sourceTree = "<group>"; };
		7A8F425B265797FD00E9CBF0 /* User+Schema.swift */ = {isa = PBXFileReference; fileEncoding = 4; lastKnownFileType = sourcecode.swift; path = "User+Schema.swift"; sourceTree = "<group>"; };
		7A8F425C265797FD00E9CBF0 /* User.swift */ = {isa = PBXFileReference; fileEncoding = 4; lastKnownFileType = sourcecode.swift; path = User.swift; sourceTree = "<group>"; };
		7A8F425D265797FD00E9CBF0 /* Room.swift */ = {isa = PBXFileReference; fileEncoding = 4; lastKnownFileType = sourcecode.swift; path = Room.swift; sourceTree = "<group>"; };
		7A8F425E265797FD00E9CBF0 /* Room+Schema.swift */ = {isa = PBXFileReference; fileEncoding = 4; lastKnownFileType = sourcecode.swift; path = "Room+Schema.swift"; sourceTree = "<group>"; };
		7A8F425F265797FD00E9CBF0 /* Message+Schema.swift */ = {isa = PBXFileReference; fileEncoding = 4; lastKnownFileType = sourcecode.swift; path = "Message+Schema.swift"; sourceTree = "<group>"; };
		7A934001264FC94900BB5972 /* PushNotificationSender.swift */ = {isa = PBXFileReference; lastKnownFileType = sourcecode.swift; path = PushNotificationSender.swift; sourceTree = "<group>"; };
		7A95EA5726530DDA00C6C700 /* PinView.swift */ = {isa = PBXFileReference; lastKnownFileType = sourcecode.swift; path = PinView.swift; sourceTree = "<group>"; };
		7A9A733E265744A900177652 /* BlueMessageRoomView.swift */ = {isa = PBXFileReference; lastKnownFileType = sourcecode.swift; path = BlueMessageRoomView.swift; sourceTree = "<group>"; };
		7AA200FC2635C6EF00C9F00C /* RoomDataSource.swift */ = {isa = PBXFileReference; lastKnownFileType = sourcecode.swift; path = RoomDataSource.swift; sourceTree = "<group>"; };
		7AA2010E2635D21100C9F00C /* RoomsView.swift */ = {isa = PBXFileReference; lastKnownFileType = sourcecode.swift; path = RoomsView.swift; sourceTree = "<group>"; };
		7AA201102635D2E100C9F00C /* RoomRow.swift */ = {isa = PBXFileReference; lastKnownFileType = sourcecode.swift; path = RoomRow.swift; sourceTree = "<group>"; };
		7AA201122635D5F500C9F00C /* Room+Extensions.swift */ = {isa = PBXFileReference; lastKnownFileType = sourcecode.swift; path = "Room+Extensions.swift"; sourceTree = "<group>"; };
		7AB62A8426426F86005A7744 /* SettingsView.swift */ = {isa = PBXFileReference; lastKnownFileType = sourcecode.swift; path = SettingsView.swift; sourceTree = "<group>"; };
		7AC0DA9B262BAF3B007FC643 /* UserManager.swift */ = {isa = PBXFileReference; lastKnownFileType = sourcecode.swift; path = UserManager.swift; sourceTree = "<group>"; };
		7AC8A23E26578C3E001812EF /* LocationManager.swift */ = {isa = PBXFileReference; lastKnownFileType = sourcecode.swift; path = LocationManager.swift; sourceTree = "<group>"; };
		7AE31CBE262A9A94001EC5A3 /* LoginView.swift */ = {isa = PBXFileReference; lastKnownFileType = sourcecode.swift; path = LoginView.swift; sourceTree = "<group>"; };
		7AE31CC1262A9BE1001EC5A3 /* LandingView.swift */ = {isa = PBXFileReference; lastKnownFileType = sourcecode.swift; path = LandingView.swift; sourceTree = "<group>"; };
		7AE31CC4262A9C57001EC5A3 /* ConfirmationView.swift */ = {isa = PBXFileReference; lastKnownFileType = sourcecode.swift; path = ConfirmationView.swift; sourceTree = "<group>"; };
		7AE31CC7262A9D34001EC5A3 /* SessionManager.swift */ = {isa = PBXFileReference; lastKnownFileType = sourcecode.swift; path = SessionManager.swift; sourceTree = "<group>"; };
		7AED44FA2647310700944708 /* BestFriends.entitlements */ = {isa = PBXFileReference; lastKnownFileType = text.plist.entitlements; path = BestFriends.entitlements; sourceTree = "<group>"; };
		7AED44FB26473F7100944708 /* AppDelegate.swift */ = {isa = PBXFileReference; lastKnownFileType = sourcecode.swift; path = AppDelegate.swift; sourceTree = "<group>"; };
		7AEFD542262CED3A00247757 /* QRCodeView.swift */ = {isa = PBXFileReference; lastKnownFileType = sourcecode.swift; path = QRCodeView.swift; sourceTree = "<group>"; };
		7AEFD545262CED7A00247757 /* ImagePicker.swift */ = {isa = PBXFileReference; lastKnownFileType = sourcecode.swift; path = ImagePicker.swift; sourceTree = "<group>"; };
		7AF6973E2630EE1900CF49CC /* Star.swift */ = {isa = PBXFileReference; lastKnownFileType = sourcecode.swift; path = Star.swift; sourceTree = "<group>"; };
		7E533516C70DC2A502C17893 /* Pods_BestFriends.framework */ = {isa = PBXFileReference; explicitFileType = wrapper.framework; includeInIndex = 0; path = Pods_BestFriends.framework; sourceTree = BUILT_PRODUCTS_DIR; };
		A124BF81FC8B40FBA8260C00 /* awsconfiguration.json */ = {isa = PBXFileReference; explicitFileType = undefined; fileEncoding = 9; includeInIndex = 0; lastKnownFileType = unknown; path = awsconfiguration.json; sourceTree = "<group>"; };
		A22146DA7D2C4FF68985049A /* Room.swift */ = {isa = PBXFileReference; explicitFileType = undefined; fileEncoding = 4; includeInIndex = 0; lastKnownFileType = sourcecode.swift; name = Room.swift; path = amplify/generated/models/Room.swift; sourceTree = "<group>"; };
		C4BF332F0047438D8BC66E13 /* AmplifyModels.swift */ = {isa = PBXFileReference; explicitFileType = undefined; fileEncoding = 4; includeInIndex = 0; lastKnownFileType = sourcecode.swift; name = AmplifyModels.swift; path = amplify/generated/models/AmplifyModels.swift; sourceTree = "<group>"; };
		C95590B9F99E4975B4D806B7 /* amplifyconfiguration.json */ = {isa = PBXFileReference; explicitFileType = undefined; fileEncoding = 9; includeInIndex = 0; lastKnownFileType = unknown; path = amplifyconfiguration.json; sourceTree = "<group>"; };
		D1577796264CBBAD00B6551A /* ChangeEmail.swift */ = {isa = PBXFileReference; lastKnownFileType = sourcecode.swift; path = ChangeEmail.swift; sourceTree = "<group>"; };
		D157779A264D086000B6551A /* SmileNotesLibrary.swift */ = {isa = PBXFileReference; lastKnownFileType = sourcecode.swift; path = SmileNotesLibrary.swift; sourceTree = "<group>"; };
		D157779E264D8EA400B6551A /* ChangeChatBackground.swift */ = {isa = PBXFileReference; lastKnownFileType = sourcecode.swift; path = ChangeChatBackground.swift; sourceTree = "<group>"; };
		D15777A2264DB7FD00B6551A /* BetaTesters.swift */ = {isa = PBXFileReference; lastKnownFileType = sourcecode.swift; path = BetaTesters.swift; sourceTree = "<group>"; };
		D15777B32650522200B6551A /* SwipeGesture.swift */ = {isa = PBXFileReference; fileEncoding = 4; lastKnownFileType = sourcecode.swift; path = SwipeGesture.swift; sourceTree = "<group>"; };
		D15CCD682647458900BFE179 /* ResetPassword.swift */ = {isa = PBXFileReference; lastKnownFileType = sourcecode.swift; path = ResetPassword.swift; sourceTree = "<group>"; };
		D15CCD6E2647A67400BFE179 /* DeleteMyAccount.swift */ = {isa = PBXFileReference; lastKnownFileType = sourcecode.swift; path = DeleteMyAccount.swift; sourceTree = "<group>"; };
		D15CCD792648870500BFE179 /* PrizesDark.swift */ = {isa = PBXFileReference; lastKnownFileType = sourcecode.swift; path = PrizesDark.swift; sourceTree = "<group>"; };
		D15CCD7F2648AF4000BFE179 /* DarkModeView.swift */ = {isa = PBXFileReference; lastKnownFileType = sourcecode.swift; path = DarkModeView.swift; sourceTree = "<group>"; };
		D15CCD83264908A300BFE179 /* DarkModePage1.swift */ = {isa = PBXFileReference; lastKnownFileType = sourcecode.swift; path = DarkModePage1.swift; sourceTree = "<group>"; };
		D15CCD8D264C86D700BFE179 /* BlueModeNotReadyTalk.swift */ = {isa = PBXFileReference; lastKnownFileType = sourcecode.swift; path = BlueModeNotReadyTalk.swift; sourceTree = "<group>"; };
		D1949C342644E15E00FDB6C5 /* MyAccount.swift */ = {isa = PBXFileReference; lastKnownFileType = sourcecode.swift; path = MyAccount.swift; sourceTree = "<group>"; };
		D1949C3C2644F42D00FDB6C5 /* BlockFriend.swift */ = {isa = PBXFileReference; lastKnownFileType = sourcecode.swift; path = BlockFriend.swift; sourceTree = "<group>"; };
		D1949C3E2644FC6300FDB6C5 /* ManageMyFriends.swift */ = {isa = PBXFileReference; lastKnownFileType = sourcecode.swift; path = ManageMyFriends.swift; sourceTree = "<group>"; };
		D1949C402644FD4F00FDB6C5 /* DeleteFriend.swift */ = {isa = PBXFileReference; lastKnownFileType = sourcecode.swift; path = DeleteFriend.swift; sourceTree = "<group>"; };
		D1D27D39264303E300BDA75F /* InfoPages.swift */ = {isa = PBXFileReference; lastKnownFileType = sourcecode.swift; path = InfoPages.swift; sourceTree = "<group>"; };
		D1E3CFDE2653A35700A26779 /* BlueModeLP.swift */ = {isa = PBXFileReference; lastKnownFileType = sourcecode.swift; path = BlueModeLP.swift; sourceTree = "<group>"; };
		D1E3CFE226543C4D00A26779 /* ChangePIN.swift */ = {isa = PBXFileReference; lastKnownFileType = sourcecode.swift; path = ChangePIN.swift; sourceTree = "<group>"; };
		DB24A96E58E94680A190216A /* User+Schema.swift */ = {isa = PBXFileReference; explicitFileType = undefined; fileEncoding = 4; includeInIndex = 0; lastKnownFileType = sourcecode.swift; name = "User+Schema.swift"; path = "amplify/generated/models/User+Schema.swift"; sourceTree = "<group>"; };
		E31DEA02CBB542D5AA59CA4B /* User.swift */ = {isa = PBXFileReference; explicitFileType = undefined; fileEncoding = 4; includeInIndex = 0; lastKnownFileType = sourcecode.swift; name = User.swift; path = amplify/generated/models/User.swift; sourceTree = "<group>"; };
		F6C3BE1022B34C5FA7EE9A20 /* schema.graphql */ = {isa = PBXFileReference; explicitFileType = undefined; fileEncoding = 4; includeInIndex = 0; lastKnownFileType = text; name = schema.graphql; path = amplify/backend/api/bestfriends/schema.graphql; sourceTree = "<group>"; };
/* End PBXFileReference section */

/* Begin PBXFrameworksBuildPhase section */
		7A71BCF82625292A00E6FA9E /* Frameworks */ = {
			isa = PBXFrameworksBuildPhase;
			buildActionMask = 2147483647;
			files = (
				F11E8CF700902496B65C1C89 /* Pods_BestFriends.framework in Frameworks */,
			);
			runOnlyForDeploymentPostprocessing = 0;
		};
/* End PBXFrameworksBuildPhase section */

/* Begin PBXGroup section */
		7A08E364264FB6CA00AEBC8F /* Notifications */ = {
			isa = PBXGroup;
			children = (
				7A08E365264FB6DB00AEBC8F /* PushNotificationManager.swift */,
				7A934001264FC94900BB5972 /* PushNotificationSender.swift */,
			);
			path = Notifications;
			sourceTree = "<group>";
		};
		7A6A4CD2262B56E900561D87 /* Chat */ = {
			isa = PBXGroup;
			children = (
				7A6A4CD9262B658200561D87 /* MessageDataSource.swift */,
				7A33B63B2640D463004CB47F /* MessageRoomView.swift */,
				7A7F6E37264305AA0022F078 /* ChatBubble.swift */,
				7A95EA5726530DDA00C6C700 /* PinView.swift */,
			);
			path = Chat;
			sourceTree = "<group>";
		};
		7A6A4D00262B865D00561D87 /* Assets */ = {
			isa = PBXGroup;
			children = (
				7A71BD022625292B00E6FA9E /* Assets.xcassets */,
				7A6A4D01262B866500561D87 /* Videos */,
			);
			path = Assets;
			sourceTree = "<group>";
		};
		7A6A4D01262B866500561D87 /* Videos */ = {
			isa = PBXGroup;
			children = (
				7A6A4D02262B868D00561D87 /* backgroundAnimation.mp4 */,
			);
			path = Videos;
			sourceTree = "<group>";
		};
		7A71BCF22625292A00E6FA9E = {
			isa = PBXGroup;
			children = (
				DBFB8C7AC87F4062BC821677 /* AmplifyModels */,
				7A71BD1526252B0200E6FA9E /* amplifyconfiguration.json */,
				7A71BD1426252B0200E6FA9E /* awsconfiguration.json */,
				C3F02F5A8A994BECAB094217 /* AmplifyConfig */,
				7A71BCFD2625292A00E6FA9E /* BestFriends */,
				7A71BCFC2625292A00E6FA9E /* Products */,
				9E0E510CD719430077541E98 /* Pods */,
				ABA2702C8BCEE8FAE6DEE42D /* Frameworks */,
			);
			sourceTree = "<group>";
		};
		7A71BCFC2625292A00E6FA9E /* Products */ = {
			isa = PBXGroup;
			children = (
				7A71BCFB2625292A00E6FA9E /* BestFriends.app */,
			);
			name = Products;
			sourceTree = "<group>";
		};
		7A71BCFD2625292A00E6FA9E /* BestFriends */ = {
			isa = PBXGroup;
			children = (
				7A8F4256265797FD00E9CBF0 /* models */,
				D1E3CFE92656D2C900A26779 /* InfoPages */,
				D1E3CFDD26522ECB00A26779 /* Blue */,
				D1577799264D082800B6551A /* SmileNotes */,
				7A4C3D78265048100074E0E0 /* GoogleService-Info.plist */,
				7AED44FA2647310700944708 /* BestFriends.entitlements */,
				7AE31CBD262A9A7F001EC5A3 /* Authentication */,
				7A8943D2262CCA84008F7582 /* LandingPage */,
				7AA200FB2635C6D100C9F00C /* Room */,
				7A6A4CD2262B56E900561D87 /* Chat */,
				7AB62A8326426F7A005A7744 /* Settings */,
				7A6A4D00262B865D00561D87 /* Assets */,
				7A71BCFE2625292A00E6FA9E /* BestFriendsApp.swift */,
				7AED44FB26473F7100944708 /* AppDelegate.swift */,
				7A71BD072625292B00E6FA9E /* Info.plist */,
				7A71BD042625292B00E6FA9E /* Preview Content */,
			);
			path = BestFriends;
			sourceTree = "<group>";
		};
		7A71BD042625292B00E6FA9E /* Preview Content */ = {
			isa = PBXGroup;
			children = (
				7A71BD052625292B00E6FA9E /* Preview Assets.xcassets */,
			);
			path = "Preview Content";
			sourceTree = "<group>";
		};
		7A8943D2262CCA84008F7582 /* LandingPage */ = {
			isa = PBXGroup;
			children = (
				7A08E364264FB6CA00AEBC8F /* Notifications */,
				7AE31CC1262A9BE1001EC5A3 /* LandingView.swift */,
				7AF6973E2630EE1900CF49CC /* Star.swift */,
				7A6A4D06262B8A5000561D87 /* PlayerView.swift */,
				7AEFD542262CED3A00247757 /* QRCodeView.swift */,
				7AEFD545262CED7A00247757 /* ImagePicker.swift */,
				7A1521C1262DE5BC00EC15B4 /* UserDataSource.swift */,
			);
			path = LandingPage;
			sourceTree = "<group>";
		};
		7A8F4256265797FD00E9CBF0 /* models */ = {
			isa = PBXGroup;
			children = (
				7A8F4257265797FD00E9CBF0 /* ReportedMessage+Schema.swift */,
				7A8F4258265797FD00E9CBF0 /* AmplifyModels.swift */,
				7A8F4259265797FD00E9CBF0 /* ReportedMessage.swift */,
				7A8F425A265797FD00E9CBF0 /* Message.swift */,
				7A8F425B265797FD00E9CBF0 /* User+Schema.swift */,
				7A8F425C265797FD00E9CBF0 /* User.swift */,
				7A8F425D265797FD00E9CBF0 /* Room.swift */,
				7A8F425E265797FD00E9CBF0 /* Room+Schema.swift */,
				7A8F425F265797FD00E9CBF0 /* Message+Schema.swift */,
			);
			name = models;
			path = amplify/generated/models;
			sourceTree = SOURCE_ROOT;
		};
		7AA200FB2635C6D100C9F00C /* Room */ = {
			isa = PBXGroup;
			children = (
				7AA200FC2635C6EF00C9F00C /* RoomDataSource.swift */,
				7AA201122635D5F500C9F00C /* Room+Extensions.swift */,
				7AA201102635D2E100C9F00C /* RoomRow.swift */,
				7AA2010E2635D21100C9F00C /* RoomsView.swift */,
			);
			path = Room;
			sourceTree = "<group>";
		};
		7AB62A8326426F7A005A7744 /* Settings */ = {
			isa = PBXGroup;
			children = (
				D15777B22650522200B6551A /* Gestures */,
				7AB62A8426426F86005A7744 /* SettingsView.swift */,
				D15777A2264DB7FD00B6551A /* BetaTesters.swift */,
				D157779D264D8E6D00B6551A /* ChangeBackground */,
				D15CCD6526473E6700BFE179 /* MyAccount */,
				D15CCD6D2647A10100BFE179 /* ManageMyFriends */,
			);
			path = Settings;
			sourceTree = "<group>";
		};
		7AE31CBD262A9A7F001EC5A3 /* Authentication */ = {
			isa = PBXGroup;
			children = (
				7A71BD002625292A00E6FA9E /* SignUpView.swift */,
				7AE31CBE262A9A94001EC5A3 /* LoginView.swift */,
				7AE31CC4262A9C57001EC5A3 /* ConfirmationView.swift */,
				7AE31CC7262A9D34001EC5A3 /* SessionManager.swift */,
				7AC0DA9B262BAF3B007FC643 /* UserManager.swift */,
				7AC8A23E26578C3E001812EF /* LocationManager.swift */,
			);
			path = Authentication;
			sourceTree = "<group>";
		};
		9E0E510CD719430077541E98 /* Pods */ = {
			isa = PBXGroup;
			children = (
				71B5DFCDF98DAA323331D1BC /* Pods-BestFriends.debug.xcconfig */,
				2456D32343F6CB345703D20B /* Pods-BestFriends.release.xcconfig */,
			);
			path = Pods;
			sourceTree = "<group>";
		};
		ABA2702C8BCEE8FAE6DEE42D /* Frameworks */ = {
			isa = PBXGroup;
			children = (
				7E533516C70DC2A502C17893 /* Pods_BestFriends.framework */,
			);
			name = Frameworks;
			sourceTree = "<group>";
		};
		C3F02F5A8A994BECAB094217 /* AmplifyConfig */ = {
			isa = PBXGroup;
			children = (
				C95590B9F99E4975B4D806B7 /* amplifyconfiguration.json */,
				A124BF81FC8B40FBA8260C00 /* awsconfiguration.json */,
				F6C3BE1022B34C5FA7EE9A20 /* schema.graphql */,
				762CEB4FA7014E308E51B33B /* amplifytools.xcconfig */,
			);
			name = AmplifyConfig;
			path = .;
			sourceTree = "<group>";
		};
		D1577799264D082800B6551A /* SmileNotes */ = {
			isa = PBXGroup;
			children = (
				D157779A264D086000B6551A /* SmileNotesLibrary.swift */,
			);
			path = SmileNotes;
			sourceTree = "<group>";
		};
		D157779D264D8E6D00B6551A /* ChangeBackground */ = {
			isa = PBXGroup;
			children = (
				D157779E264D8EA400B6551A /* ChangeChatBackground.swift */,
			);
			path = ChangeBackground;
			sourceTree = "<group>";
		};
		D15777B22650522200B6551A /* Gestures */ = {
			isa = PBXGroup;
			children = (
				D15777B32650522200B6551A /* SwipeGesture.swift */,
			);
			path = Gestures;
			sourceTree = "<group>";
		};
		D15CCD6526473E6700BFE179 /* MyAccount */ = {
			isa = PBXGroup;
			children = (
				D1949C342644E15E00FDB6C5 /* MyAccount.swift */,
				D15CCD682647458900BFE179 /* ResetPassword.swift */,
				D1577796264CBBAD00B6551A /* ChangeEmail.swift */,
				D1E3CFE226543C4D00A26779 /* ChangePIN.swift */,
				D15CCD6E2647A67400BFE179 /* DeleteMyAccount.swift */,
			);
			path = MyAccount;
			sourceTree = "<group>";
		};
		D15CCD6D2647A10100BFE179 /* ManageMyFriends */ = {
			isa = PBXGroup;
			children = (
				D1949C3E2644FC6300FDB6C5 /* ManageMyFriends.swift */,
				D1949C3C2644F42D00FDB6C5 /* BlockFriend.swift */,
				D1949C402644FD4F00FDB6C5 /* DeleteFriend.swift */,
			);
			path = ManageMyFriends;
			sourceTree = "<group>";
		};
		D1E3CFDD26522ECB00A26779 /* Blue */ = {
			isa = PBXGroup;
			children = (
				D15CCD83264908A300BFE179 /* DarkModePage1.swift */,
				D1E3CFDE2653A35700A26779 /* BlueModeLP.swift */,
				D15CCD7F2648AF4000BFE179 /* DarkModeView.swift */,
				D15CCD8D264C86D700BFE179 /* BlueModeNotReadyTalk.swift */,
				D15CCD792648870500BFE179 /* PrizesDark.swift */,
				7A9A733E265744A900177652 /* BlueMessageRoomView.swift */,
			);
			path = Blue;
			sourceTree = "<group>";
		};
		D1E3CFE92656D2C900A26779 /* InfoPages */ = {
			isa = PBXGroup;
			children = (
				D1D27D39264303E300BDA75F /* InfoPages.swift */,
			);
			path = InfoPages;
			sourceTree = "<group>";
		};
		DBFB8C7AC87F4062BC821677 /* AmplifyModels */ = {
			isa = PBXGroup;
			children = (
				C4BF332F0047438D8BC66E13 /* AmplifyModels.swift */,
				42D64405355643289A8035B8 /* Message.swift */,
				19E83D8ABA3F46EEB8785E44 /* Message+Schema.swift */,
				E31DEA02CBB542D5AA59CA4B /* User.swift */,
				DB24A96E58E94680A190216A /* User+Schema.swift */,
				A22146DA7D2C4FF68985049A /* Room.swift */,
				6938CF675DE8432796534940 /* Room+Schema.swift */,
				57FBFB42098DF99F6CDE844A /* ReportedMessage+Schema.swift */,
				277B48DCD6F3795913CB8E7E /* ReportedMessage.swift */,
			);
			name = AmplifyModels;
			path = .;
			sourceTree = "<group>";
		};
/* End PBXGroup section */

/* Begin PBXNativeTarget section */
		7A71BCFA2625292A00E6FA9E /* BestFriends */ = {
			isa = PBXNativeTarget;
			buildConfigurationList = 7A71BD0A2625292B00E6FA9E /* Build configuration list for PBXNativeTarget "BestFriends" */;
			buildPhases = (
				6ABF81726C2E6FFC9EEABCF7 /* [CP] Check Pods Manifest.lock */,
				7A71BCF72625292A00E6FA9E /* Sources */,
				7A71BCF82625292A00E6FA9E /* Frameworks */,
				7A71BCF92625292A00E6FA9E /* Resources */,
				B729D378AC8B94D30DAA6A1A /* [CP] Embed Pods Frameworks */,
			);
			buildRules = (
			);
			dependencies = (
			);
			name = BestFriends;
			productName = BestFriends;
			productReference = 7A71BCFB2625292A00E6FA9E /* BestFriends.app */;
			productType = "com.apple.product-type.application";
		};
/* End PBXNativeTarget section */

/* Begin PBXProject section */
		7A71BCF32625292A00E6FA9E /* Project object */ = {
			isa = PBXProject;
			attributes = {
				LastSwiftUpdateCheck = 1240;
				LastUpgradeCheck = 1240;
				TargetAttributes = {
					7A71BCFA2625292A00E6FA9E = {
						CreatedOnToolsVersion = 12.4;
					};
				};
			};
			buildConfigurationList = 7A71BCF62625292A00E6FA9E /* Build configuration list for PBXProject "BestFriends" */;
			compatibilityVersion = "Xcode 9.3";
			developmentRegion = en;
			hasScannedForEncodings = 0;
			knownRegions = (
				en,
				Base,
			);
			mainGroup = 7A71BCF22625292A00E6FA9E;
			productRefGroup = 7A71BCFC2625292A00E6FA9E /* Products */;
			projectDirPath = "";
			projectRoot = "";
			targets = (
				7A71BCFA2625292A00E6FA9E /* BestFriends */,
			);
		};
/* End PBXProject section */

/* Begin PBXResourcesBuildPhase section */
		7A71BCF92625292A00E6FA9E /* Resources */ = {
			isa = PBXResourcesBuildPhase;
			buildActionMask = 2147483647;
			files = (
				7A71BD1626252B0300E6FA9E /* awsconfiguration.json in Resources */,
				7A6A4D04262B889D00561D87 /* backgroundAnimation.mp4 in Resources */,
				7A71BD1726252B0300E6FA9E /* amplifyconfiguration.json in Resources */,
				7A71BD062625292B00E6FA9E /* Preview Assets.xcassets in Resources */,
				7A71BD032625292B00E6FA9E /* Assets.xcassets in Resources */,
				7B13219293464569BD3ABE91 /* amplifyconfiguration.json in Resources */,
				221B32BB2FDB4A74A8AC7691 /* awsconfiguration.json in Resources */,
				AB791B981F62744749FC786D /* awsconfiguration.json in Resources */,
				0B8A5735A1E658DE4FC62119 /* amplifyconfiguration.json in Resources */,
				F4D242A7842387FEB78858DA /* awsconfiguration.json in Resources */,
				DB15C6B4674E946ADCCFE253 /* amplifyconfiguration.json in Resources */,
				7A4C3D79265048100074E0E0 /* GoogleService-Info.plist in Resources */,
				C40B21779B4A21AEE4E5C9BB /* awsconfiguration.json in Resources */,
				FADB708799E1553410EFE827 /* amplifyconfiguration.json in Resources */,
				371A608B589BED4B51C92A46 /* awsconfiguration.json in Resources */,
				242A027DC74FA98F23E36884 /* amplifyconfiguration.json in Resources */,
				BAF6287D80906E82F5F341CE /* awsconfiguration.json in Resources */,
				FABC7029337D477527295A4B /* amplifyconfiguration.json in Resources */,
			);
			runOnlyForDeploymentPostprocessing = 0;
		};
/* End PBXResourcesBuildPhase section */

/* Begin PBXShellScriptBuildPhase section */
		6ABF81726C2E6FFC9EEABCF7 /* [CP] Check Pods Manifest.lock */ = {
			isa = PBXShellScriptBuildPhase;
			buildActionMask = 2147483647;
			files = (
			);
			inputFileListPaths = (
			);
			inputPaths = (
				"${PODS_PODFILE_DIR_PATH}/Podfile.lock",
				"${PODS_ROOT}/Manifest.lock",
			);
			name = "[CP] Check Pods Manifest.lock";
			outputFileListPaths = (
			);
			outputPaths = (
				"$(DERIVED_FILE_DIR)/Pods-BestFriends-checkManifestLockResult.txt",
			);
			runOnlyForDeploymentPostprocessing = 0;
			shellPath = /bin/sh;
			shellScript = "diff \"${PODS_PODFILE_DIR_PATH}/Podfile.lock\" \"${PODS_ROOT}/Manifest.lock\" > /dev/null\nif [ $? != 0 ] ; then\n    # print error to STDERR\n    echo \"error: The sandbox is not in sync with the Podfile.lock. Run 'pod install' or update your CocoaPods installation.\" >&2\n    exit 1\nfi\n# This output is used by Xcode 'outputs' to avoid re-running this script phase.\necho \"SUCCESS\" > \"${SCRIPT_OUTPUT_FILE_0}\"\n";
			showEnvVarsInLog = 0;
		};
		B729D378AC8B94D30DAA6A1A /* [CP] Embed Pods Frameworks */ = {
			isa = PBXShellScriptBuildPhase;
			buildActionMask = 2147483647;
			files = (
			);
			inputFileListPaths = (
				"${PODS_ROOT}/Target Support Files/Pods-BestFriends/Pods-BestFriends-frameworks-${CONFIGURATION}-input-files.xcfilelist",
			);
			inputPaths = (
			);
			name = "[CP] Embed Pods Frameworks";
			outputFileListPaths = (
				"${PODS_ROOT}/Target Support Files/Pods-BestFriends/Pods-BestFriends-frameworks-${CONFIGURATION}-output-files.xcfilelist",
			);
			outputPaths = (
			);
			runOnlyForDeploymentPostprocessing = 0;
			shellPath = /bin/sh;
			shellScript = "\"${PODS_ROOT}/Target Support Files/Pods-BestFriends/Pods-BestFriends-frameworks.sh\"\n";
			showEnvVarsInLog = 0;
		};
/* End PBXShellScriptBuildPhase section */

/* Begin PBXSourcesBuildPhase section */
		7A71BCF72625292A00E6FA9E /* Sources */ = {
			isa = PBXSourcesBuildPhase;
			buildActionMask = 2147483647;
			files = (
				7A6A4D07262B8A5000561D87 /* PlayerView.swift in Sources */,
				D1577797264CBBAD00B6551A /* ChangeEmail.swift in Sources */,
				D15777A3264DB7FD00B6551A /* BetaTesters.swift in Sources */,
				7AE31CC2262A9BE1001EC5A3 /* LandingView.swift in Sources */,
				D1949C3F2644FC6300FDB6C5 /* ManageMyFriends.swift in Sources */,
				7AEFD546262CED7A00247757 /* ImagePicker.swift in Sources */,
				D1949C3D2644F42E00FDB6C5 /* BlockFriend.swift in Sources */,
				D15CCD802648AF4000BFE179 /* DarkModeView.swift in Sources */,
				7A8F4266265797FD00E9CBF0 /* Room.swift in Sources */,
				7A6A4CDA262B658200561D87 /* MessageDataSource.swift in Sources */,
				7AA201132635D5F500C9F00C /* Room+Extensions.swift in Sources */,
				7AED44FC26473F7100944708 /* AppDelegate.swift in Sources */,
				D1949C352644E15E00FDB6C5 /* MyAccount.swift in Sources */,
				7AA201112635D2E100C9F00C /* RoomRow.swift in Sources */,
				7AE31CC5262A9C57001EC5A3 /* ConfirmationView.swift in Sources */,
				D15CCD692647458900BFE179 /* ResetPassword.swift in Sources */,
				7AB62A8526426F86005A7744 /* SettingsView.swift in Sources */,
				7A71BD012625292A00E6FA9E /* SignUpView.swift in Sources */,
				7A71BCFF2625292A00E6FA9E /* BestFriendsApp.swift in Sources */,
				7A8F4262265797FD00E9CBF0 /* ReportedMessage.swift in Sources */,
				D15CCD7A2648870500BFE179 /* PrizesDark.swift in Sources */,
				7AE31CBF262A9A94001EC5A3 /* LoginView.swift in Sources */,
				D15CCD84264908A300BFE179 /* DarkModePage1.swift in Sources */,
				D15CCD8E264C86D800BFE179 /* BlueModeNotReadyTalk.swift in Sources */,
				7A8F4265265797FD00E9CBF0 /* User.swift in Sources */,
				7A33B63C2640D463004CB47F /* MessageRoomView.swift in Sources */,
				7AE31CC8262A9D34001EC5A3 /* SessionManager.swift in Sources */,
				D1949C412644FD4F00FDB6C5 /* DeleteFriend.swift in Sources */,
				7AEFD543262CED3A00247757 /* QRCodeView.swift in Sources */,
				8F464A0A6BEA4CD09C25CF86 /* AmplifyModels.swift in Sources */,
				3FAFF6936D7B422DBF25E91A /* Message.swift in Sources */,
				7A9A733F265744A900177652 /* BlueMessageRoomView.swift in Sources */,
				84EA879CC8D44C9CB6FBFFCB /* Message+Schema.swift in Sources */,
				7AA200FD2635C6EF00C9F00C /* RoomDataSource.swift in Sources */,
				24481C20A13049E6A98BAB56 /* User.swift in Sources */,
				D1D27D3A264303E300BDA75F /* InfoPages.swift in Sources */,
				DB6EB8B021C24EAB932F2DCC /* User+Schema.swift in Sources */,
				7A7F6E38264305AA0022F078 /* ChatBubble.swift in Sources */,
				7A1521C2262DE5BC00EC15B4 /* UserDataSource.swift in Sources */,
				D15CCD6F2647A67400BFE179 /* DeleteMyAccount.swift in Sources */,
				D157779B264D086000B6551A /* SmileNotesLibrary.swift in Sources */,
				7AC0DA9C262BAF3B007FC643 /* UserManager.swift in Sources */,
				7AF6973F2630EE1900CF49CC /* Star.swift in Sources */,
				7AA2010F2635D21100C9F00C /* RoomsView.swift in Sources */,
				7A08E366264FB6DB00AEBC8F /* PushNotificationManager.swift in Sources */,
				5CC0808D963A49AE969F958B /* Room.swift in Sources */,
				D157779F264D8EA400B6551A /* ChangeChatBackground.swift in Sources */,
				31843DD5A561448D8998CA30 /* Room+Schema.swift in Sources */,
				0A83B8FEF0AD77CED43B4F41 /* AmplifyModels.swift in Sources */,
				BAA73C73B1F59C7C49B7B17D /* Message+Schema.swift in Sources */,
				2AEB7D73941F5D3330870819 /* Room.swift in Sources */,
				E6AA8B8CFF0B3ED4E990AB48 /* User+Schema.swift in Sources */,
				6FCBFC40BA00DE840AEAC7C8 /* Message+Schema.swift in Sources */,
				5EA31C694618CCAB2CFE2BDE /* Message.swift in Sources */,
				22AF4F61FE0C4025498B38CF /* Room+Schema.swift in Sources */,
				3538CC4D46D5A0BFA35F1192 /* User.swift in Sources */,
				EDF592FBA0E9C2EBB80C63B0 /* AmplifyModels.swift in Sources */,
				F7179E96B7FEE3FF832DD68C /* Message.swift in Sources */,
				72C99B5350F9212CD7229578 /* Room+Schema.swift in Sources */,
				2C932E3E03457BE2ED135C3F /* Room.swift in Sources */,
				DFA71D03CF6E976C515EB902 /* User+Schema.swift in Sources */,
				A8B16C4337B39FBF513CF14E /* User.swift in Sources */,
				C454F27B552AE618EFF45F48 /* AmplifyModels.swift in Sources */,
				B031E6E1EB9A9930A2A37A8E /* Message+Schema.swift in Sources */,
				F1324683D113A7F735C673FB /* Message.swift in Sources */,
				465E146884826052FA24AA60 /* Room+Schema.swift in Sources */,
				B4F2F53FF19090F52F04FD07 /* Room.swift in Sources */,
				509DEB9E61F9F50DE54287CC /* User+Schema.swift in Sources */,
				D360EFFF81A1960D29489A06 /* User.swift in Sources */,
				5604759D595C31770986E9DB /* AmplifyModels.swift in Sources */,
				54D643D7DB636616E72ECCFD /* Message+Schema.swift in Sources */,
				338DFF00E2A84783DDC53568 /* Message.swift in Sources */,
				D15777B42650522200B6551A /* SwipeGesture.swift in Sources */,
				B0C7AFCB85C34ACC0E38A4B1 /* Room+Schema.swift in Sources */,
				8195EF9985493DF0513FE41E /* Room.swift in Sources */,
				D1E3CFDF2653A35700A26779 /* BlueModeLP.swift in Sources */,
				5F191B231895C081FA325B55 /* User+Schema.swift in Sources */,
				7AC8A23F26578C3E001812EF /* LocationManager.swift in Sources */,
				F0CB1CEEB2A43F6F2842A262 /* User.swift in Sources */,
				E651934A8005549C6B9ECC28 /* Message+Schema.swift in Sources */,
				77FC07C16E388B9965B5EC17 /* Room.swift in Sources */,
				65A53B669FCD9653F5AD90CA /* AmplifyModels.swift in Sources */,
				50CB6AE5A0477FF85FEF0B97 /* Message.swift in Sources */,
				7C378F2D8EE76AAEC4410FDA /* Room+Schema.swift in Sources */,
				7A8F4268265797FD00E9CBF0 /* Message+Schema.swift in Sources */,
				BC9C960C84181F2B3FE2B5E4 /* Room.swift in Sources */,
				63B94C1A963D52C6AF13E5E2 /* User+Schema.swift in Sources */,
				8E8C4C915C414F62393EDF24 /* User.swift in Sources */,
				F63CFB27793A3A3FF58E96B6 /* AmplifyModels.swift in Sources */,
				93BAA494B7C636FE258E29BA /* Message+Schema.swift in Sources */,
				B426DD66F4B45F95BDD316A6 /* Message.swift in Sources */,
				731A632F165838CC46E676FB /* Room.swift in Sources */,
				1E7C5B77E12EC898F10D69BB /* User+Schema.swift in Sources */,
				5361116234EF899CFD549392 /* Message+Schema.swift in Sources */,
				501DD3033F14DD6F9FE2FD02 /* Room+Schema.swift in Sources */,
				2D5448E868D8E3B2F77DB8B9 /* Room.swift in Sources */,
				BD165E2C4BE6EBD43DA6A0FE /* AmplifyModels.swift in Sources */,
				A660C4679BA4FBE0D97E4A8A /* Message+Schema.swift in Sources */,
				60B293451EBBEBA36B24B7AE /* Message.swift in Sources */,
				F90FF0703C95F3D3F216C5C9 /* Room+Schema.swift in Sources */,
				9BCBE8B67FA3DF4CC48CB9E2 /* Room.swift in Sources */,
				7A8F4261265797FD00E9CBF0 /* AmplifyModels.swift in Sources */,
				34BF2987B33E35AE2FA98E84 /* User+Schema.swift in Sources */,
				BC4ED38A93D2D1E400E1477B /* User.swift in Sources */,
				549FE077FC80E1138AAA1A98 /* AmplifyModels.swift in Sources */,
				68C178D3CA989F5249027697 /* Message+Schema.swift in Sources */,
				7A8F4264265797FD00E9CBF0 /* User+Schema.swift in Sources */,
				5D4D93AB0A0AE42862CF1C14 /* Message.swift in Sources */,
				B2A9C1ACA664F4176F1E852B /* User+Schema.swift in Sources */,
				DDDCFC29B6EB3792B23781BD /* User.swift in Sources */,
				E64781C9F709D25B802CD011 /* AmplifyModels.swift in Sources */,
				7A934002264FC94900BB5972 /* PushNotificationSender.swift in Sources */,
				9916DE97C16E159A69C25B42 /* Message+Schema.swift in Sources */,
				A92A5D1570B625FA91DDEF74 /* Message.swift in Sources */,
				55B6A21358602EE0DE7C234E /* Room+Schema.swift in Sources */,
				23C49EFC4154BF7DF764B9AF /* Room.swift in Sources */,
				66FA0758D3541691EAEF1509 /* User+Schema.swift in Sources */,
				8F058474DF8708334F0D590E /* User.swift in Sources */,
				7A95EA5826530DDA00C6C700 /* PinView.swift in Sources */,
				56AACACC183D2DB3F6E65CF6 /* AmplifyModels.swift in Sources */,
				DBD65123E0B424F8C930E0B3 /* Message+Schema.swift in Sources */,
				FCC954ECADC01992D3731835 /* Message.swift in Sources */,
				61B717AC7CC5C6028851470E /* Room+Schema.swift in Sources */,
				B08707960D4A7888FA21D9D5 /* Room.swift in Sources */,
				78F9D5FE5DD3051379CAC40E /* User+Schema.swift in Sources */,
				A04F3874D90661DBC964AF00 /* User.swift in Sources */,
				AE56B536499AFEEF85F2E2A5 /* AmplifyModels.swift in Sources */,
				7A8F4263265797FD00E9CBF0 /* Message.swift in Sources */,
				65C68608F0AAA5FE3FC8297B /* Message+Schema.swift in Sources */,
				305854323792558A4A1A518C /* Message.swift in Sources */,
				93096F3D5D117A3B05E29A67 /* Room+Schema.swift in Sources */,
				E1EA963FDCDEDF76BED98898 /* Room.swift in Sources */,
				E5F8534AC92C93AB3DA39A14 /* User+Schema.swift in Sources */,
				BA23D66939F6D97CC7921D82 /* User.swift in Sources */,
				526CB99FF22255852639A6B3 /* AmplifyModels.swift in Sources */,
				EE1A3CCD6B79C79F7C476B92 /* Room.swift in Sources */,
				7A8F4267265797FD00E9CBF0 /* Room+Schema.swift in Sources */,
				7581976595830FCB487E7844 /* AmplifyModels.swift in Sources */,
				E9E3F159C2FC434B8748CC56 /* Message+Schema.swift in Sources */,
				2C303AB2F4DCCFCE153C1B24 /* Message.swift in Sources */,
				814E2C76840C686927ADBBCF /* Room+Schema.swift in Sources */,
				57FCC633F6C2DBE10FE73CF3 /* Room.swift in Sources */,
				937B3A060884FD3387D7DE64 /* User+Schema.swift in Sources */,
				D201C6D8515541F50AD3C719 /* User.swift in Sources */,
				022365EEE0F8A028BE2E2A3F /* Message+Schema.swift in Sources */,
				7A8F4260265797FD00E9CBF0 /* ReportedMessage+Schema.swift in Sources */,
				A5B2804ED2A42A48A58E5076 /* Message.swift in Sources */,
				1D37B58C1F0D89EA1794C0EF /* ReportedMessage+Schema.swift in Sources */,
				46527AC65BCAE963361E00F0 /* ReportedMessage.swift in Sources */,
				A31644573038796B82EFAD25 /* ReportedMessage+Schema.swift in Sources */,
				0DDF637AD6D067513082CCF9 /* ReportedMessage.swift in Sources */,
				8FE1F6B29927D7277CD1FB6A /* Room+Schema.swift in Sources */,
				C6A858535E070565DF118AAB /* Room.swift in Sources */,
				D1E3CFE326543C4D00A26779 /* ChangePIN.swift in Sources */,
				A20883FC4BFEC45F646B169E /* User+Schema.swift in Sources */,
				F448AA3262ADF2D73791AE6B /* AmplifyModels.swift in Sources */,
				8DFA6C0C1027C5D93D05C2C0 /* Message+Schema.swift in Sources */,
				0671786ACECB150C46CF88E8 /* Message.swift in Sources */,
				B14AFE91CF4341E0A65BEE94 /* ReportedMessage+Schema.swift in Sources */,
				8ADA4253434C55F202365574 /* ReportedMessage.swift in Sources */,
				7F04B650E760813B24099463 /* Room+Schema.swift in Sources */,
				7B1E9A27E36DA1C1943BC11F /* Room.swift in Sources */,
				8525261D20BAFDDB5000B434 /* User+Schema.swift in Sources */,
				3145E0E5CE17043ADA0D5422 /* User.swift in Sources */,
				32497A5B1BE051F67C2DBF00 /* AmplifyModels.swift in Sources */,
				BC2479D8AE43CCF690CE8097 /* Message+Schema.swift in Sources */,
				C0D408EDC638CE85970F205A /* Message.swift in Sources */,
				1E8DC087BEF1F92F47CEE099 /* ReportedMessage.swift in Sources */,
				15C914E3BDA25500D050B277 /* Room.swift in Sources */,
				46791643C6EBAF6EB2B027C6 /* User.swift in Sources */,
				A8DF522C45B5D1E27ECFA53B /* User.swift in Sources */,
				43FBF4B6AEB15D3660E44192 /* Message.swift in Sources */,
				878B397ACE5C6EB7A0702603 /* ReportedMessage+Schema.swift in Sources */,
				4A0EE14A55E35F38E0951451 /* Room+Schema.swift in Sources */,
				3C3FB2395155D9C097328686 /* User+Schema.swift in Sources */,
				D700102D6749C68650A383E9 /* User.swift in Sources */,
				F9AEF842466D79078E5E3E88 /* AmplifyModels.swift in Sources */,
				1CEB4306559911B9B3658CF3 /* Message+Schema.swift in Sources */,
				25EE09CBD6D5045339DB2CE3 /* ReportedMessage+Schema.swift in Sources */,
				DCD418FA200B1317E320D295 /* ReportedMessage.swift in Sources */,
				C12E59BC024AA8574F66559E /* Room+Schema.swift in Sources */,
				46F3F6EFB7074D9A590873D3 /* User.swift in Sources */,
				274F96C2EC40F1750969C164 /* Message+Schema.swift in Sources */,
				FDFBA7AC9BFD4EEB442619DC /* Message.swift in Sources */,
				BA5874FFE8B0019439907566 /* AmplifyModels.swift in Sources */,
				EDD05FF3F02498F20DD5CFE4 /* Message+Schema.swift in Sources */,
				2BCFF6575FA10AC07F1C7A2C /* ReportedMessage+Schema.swift in Sources */,
				96BE80D3C2D79258AB967B6C /* Room+Schema.swift in Sources */,
			);
			runOnlyForDeploymentPostprocessing = 0;
		};
/* End PBXSourcesBuildPhase section */

/* Begin XCBuildConfiguration section */
		7A71BD082625292B00E6FA9E /* Debug */ = {
			isa = XCBuildConfiguration;
			buildSettings = {
				ALWAYS_SEARCH_USER_PATHS = NO;
				CLANG_ANALYZER_NONNULL = YES;
				CLANG_ANALYZER_NUMBER_OBJECT_CONVERSION = YES_AGGRESSIVE;
				CLANG_CXX_LANGUAGE_STANDARD = "gnu++14";
				CLANG_CXX_LIBRARY = "libc++";
				CLANG_ENABLE_MODULES = YES;
				CLANG_ENABLE_OBJC_ARC = YES;
				CLANG_ENABLE_OBJC_WEAK = YES;
				CLANG_WARN_BLOCK_CAPTURE_AUTORELEASING = YES;
				CLANG_WARN_BOOL_CONVERSION = YES;
				CLANG_WARN_COMMA = YES;
				CLANG_WARN_CONSTANT_CONVERSION = YES;
				CLANG_WARN_DEPRECATED_OBJC_IMPLEMENTATIONS = YES;
				CLANG_WARN_DIRECT_OBJC_ISA_USAGE = YES_ERROR;
				CLANG_WARN_DOCUMENTATION_COMMENTS = YES;
				CLANG_WARN_EMPTY_BODY = YES;
				CLANG_WARN_ENUM_CONVERSION = YES;
				CLANG_WARN_INFINITE_RECURSION = YES;
				CLANG_WARN_INT_CONVERSION = YES;
				CLANG_WARN_NON_LITERAL_NULL_CONVERSION = YES;
				CLANG_WARN_OBJC_IMPLICIT_RETAIN_SELF = YES;
				CLANG_WARN_OBJC_LITERAL_CONVERSION = YES;
				CLANG_WARN_OBJC_ROOT_CLASS = YES_ERROR;
				CLANG_WARN_QUOTED_INCLUDE_IN_FRAMEWORK_HEADER = YES;
				CLANG_WARN_RANGE_LOOP_ANALYSIS = YES;
				CLANG_WARN_STRICT_PROTOTYPES = YES;
				CLANG_WARN_SUSPICIOUS_MOVE = YES;
				CLANG_WARN_UNGUARDED_AVAILABILITY = YES_AGGRESSIVE;
				CLANG_WARN_UNREACHABLE_CODE = YES;
				CLANG_WARN__DUPLICATE_METHOD_MATCH = YES;
				COPY_PHASE_STRIP = NO;
				DEBUG_INFORMATION_FORMAT = dwarf;
				ENABLE_STRICT_OBJC_MSGSEND = YES;
				ENABLE_TESTABILITY = YES;
				GCC_C_LANGUAGE_STANDARD = gnu11;
				GCC_DYNAMIC_NO_PIC = NO;
				GCC_NO_COMMON_BLOCKS = YES;
				GCC_OPTIMIZATION_LEVEL = 0;
				GCC_PREPROCESSOR_DEFINITIONS = (
					"DEBUG=1",
					"$(inherited)",
				);
				GCC_WARN_64_TO_32_BIT_CONVERSION = YES;
				GCC_WARN_ABOUT_RETURN_TYPE = YES_ERROR;
				GCC_WARN_UNDECLARED_SELECTOR = YES;
				GCC_WARN_UNINITIALIZED_AUTOS = YES_AGGRESSIVE;
				GCC_WARN_UNUSED_FUNCTION = YES;
				GCC_WARN_UNUSED_VARIABLE = YES;
				IPHONEOS_DEPLOYMENT_TARGET = 14.4;
				MTL_ENABLE_DEBUG_INFO = INCLUDE_SOURCE;
				MTL_FAST_MATH = YES;
				ONLY_ACTIVE_ARCH = YES;
				SDKROOT = iphoneos;
				SWIFT_ACTIVE_COMPILATION_CONDITIONS = DEBUG;
				SWIFT_OPTIMIZATION_LEVEL = "-Onone";
			};
			name = Debug;
		};
		7A71BD092625292B00E6FA9E /* Release */ = {
			isa = XCBuildConfiguration;
			buildSettings = {
				ALWAYS_SEARCH_USER_PATHS = NO;
				CLANG_ANALYZER_NONNULL = YES;
				CLANG_ANALYZER_NUMBER_OBJECT_CONVERSION = YES_AGGRESSIVE;
				CLANG_CXX_LANGUAGE_STANDARD = "gnu++14";
				CLANG_CXX_LIBRARY = "libc++";
				CLANG_ENABLE_MODULES = YES;
				CLANG_ENABLE_OBJC_ARC = YES;
				CLANG_ENABLE_OBJC_WEAK = YES;
				CLANG_WARN_BLOCK_CAPTURE_AUTORELEASING = YES;
				CLANG_WARN_BOOL_CONVERSION = YES;
				CLANG_WARN_COMMA = YES;
				CLANG_WARN_CONSTANT_CONVERSION = YES;
				CLANG_WARN_DEPRECATED_OBJC_IMPLEMENTATIONS = YES;
				CLANG_WARN_DIRECT_OBJC_ISA_USAGE = YES_ERROR;
				CLANG_WARN_DOCUMENTATION_COMMENTS = YES;
				CLANG_WARN_EMPTY_BODY = YES;
				CLANG_WARN_ENUM_CONVERSION = YES;
				CLANG_WARN_INFINITE_RECURSION = YES;
				CLANG_WARN_INT_CONVERSION = YES;
				CLANG_WARN_NON_LITERAL_NULL_CONVERSION = YES;
				CLANG_WARN_OBJC_IMPLICIT_RETAIN_SELF = YES;
				CLANG_WARN_OBJC_LITERAL_CONVERSION = YES;
				CLANG_WARN_OBJC_ROOT_CLASS = YES_ERROR;
				CLANG_WARN_QUOTED_INCLUDE_IN_FRAMEWORK_HEADER = YES;
				CLANG_WARN_RANGE_LOOP_ANALYSIS = YES;
				CLANG_WARN_STRICT_PROTOTYPES = YES;
				CLANG_WARN_SUSPICIOUS_MOVE = YES;
				CLANG_WARN_UNGUARDED_AVAILABILITY = YES_AGGRESSIVE;
				CLANG_WARN_UNREACHABLE_CODE = YES;
				CLANG_WARN__DUPLICATE_METHOD_MATCH = YES;
				COPY_PHASE_STRIP = NO;
				DEBUG_INFORMATION_FORMAT = "dwarf-with-dsym";
				ENABLE_NS_ASSERTIONS = NO;
				ENABLE_STRICT_OBJC_MSGSEND = YES;
				GCC_C_LANGUAGE_STANDARD = gnu11;
				GCC_NO_COMMON_BLOCKS = YES;
				GCC_WARN_64_TO_32_BIT_CONVERSION = YES;
				GCC_WARN_ABOUT_RETURN_TYPE = YES_ERROR;
				GCC_WARN_UNDECLARED_SELECTOR = YES;
				GCC_WARN_UNINITIALIZED_AUTOS = YES_AGGRESSIVE;
				GCC_WARN_UNUSED_FUNCTION = YES;
				GCC_WARN_UNUSED_VARIABLE = YES;
				IPHONEOS_DEPLOYMENT_TARGET = 14.4;
				MTL_ENABLE_DEBUG_INFO = NO;
				MTL_FAST_MATH = YES;
				SDKROOT = iphoneos;
				SWIFT_COMPILATION_MODE = wholemodule;
				SWIFT_OPTIMIZATION_LEVEL = "-O";
				VALIDATE_PRODUCT = YES;
			};
			name = Release;
		};
		7A71BD0B2625292B00E6FA9E /* Debug */ = {
			isa = XCBuildConfiguration;
			baseConfigurationReference = 71B5DFCDF98DAA323331D1BC /* Pods-BestFriends.debug.xcconfig */;
			buildSettings = {
				ASSETCATALOG_COMPILER_APPICON_NAME = AppIcon;
				ASSETCATALOG_COMPILER_GLOBAL_ACCENT_COLOR_NAME = AccentColor;
				CODE_SIGN_ENTITLEMENTS = BestFriends/BestFriends.entitlements;
				CODE_SIGN_STYLE = Automatic;
				DEVELOPMENT_ASSET_PATHS = "\"BestFriends/Preview Content\"";
				DEVELOPMENT_TEAM = AS6KAWXZJT;
				ENABLE_PREVIEWS = YES;
				INFOPLIST_FILE = BestFriends/Info.plist;
				IPHONEOS_DEPLOYMENT_TARGET = 14.0;
				LD_RUNPATH_SEARCH_PATHS = (
					"$(inherited)",
					"@executable_path/Frameworks",
				);
				PRODUCT_BUNDLE_IDENTIFIER = socialtechlabs.bestfriends;
				PRODUCT_NAME = "$(TARGET_NAME)";
				SWIFT_VERSION = 5.0;
				TARGETED_DEVICE_FAMILY = "1,2";
			};
			name = Debug;
		};
		7A71BD0C2625292B00E6FA9E /* Release */ = {
			isa = XCBuildConfiguration;
			baseConfigurationReference = 2456D32343F6CB345703D20B /* Pods-BestFriends.release.xcconfig */;
			buildSettings = {
				ASSETCATALOG_COMPILER_APPICON_NAME = AppIcon;
				ASSETCATALOG_COMPILER_GLOBAL_ACCENT_COLOR_NAME = AccentColor;
				CODE_SIGN_ENTITLEMENTS = BestFriends/BestFriends.entitlements;
				CODE_SIGN_STYLE = Automatic;
				DEVELOPMENT_ASSET_PATHS = "\"BestFriends/Preview Content\"";
				DEVELOPMENT_TEAM = AS6KAWXZJT;
				ENABLE_PREVIEWS = YES;
				INFOPLIST_FILE = BestFriends/Info.plist;
				IPHONEOS_DEPLOYMENT_TARGET = 14.0;
				LD_RUNPATH_SEARCH_PATHS = (
					"$(inherited)",
					"@executable_path/Frameworks",
				);
				PRODUCT_BUNDLE_IDENTIFIER = socialtechlabs.bestfriends;
				PRODUCT_NAME = "$(TARGET_NAME)";
				SWIFT_VERSION = 5.0;
				TARGETED_DEVICE_FAMILY = "1,2";
			};
			name = Release;
		};
/* End XCBuildConfiguration section */

/* Begin XCConfigurationList section */
		7A71BCF62625292A00E6FA9E /* Build configuration list for PBXProject "BestFriends" */ = {
			isa = XCConfigurationList;
			buildConfigurations = (
				7A71BD082625292B00E6FA9E /* Debug */,
				7A71BD092625292B00E6FA9E /* Release */,
			);
			defaultConfigurationIsVisible = 0;
			defaultConfigurationName = Release;
		};
		7A71BD0A2625292B00E6FA9E /* Build configuration list for PBXNativeTarget "BestFriends" */ = {
			isa = XCConfigurationList;
			buildConfigurations = (
				7A71BD0B2625292B00E6FA9E /* Debug */,
				7A71BD0C2625292B00E6FA9E /* Release */,
			);
			defaultConfigurationIsVisible = 0;
			defaultConfigurationName = Release;
		};
/* End XCConfigurationList section */
	};
	rootObject = 7A71BCF32625292A00E6FA9E /* Project object */;
}
