// !$*UTF8*$!
{
	archiveVersion = 1;
	classes = {
	};
	objectVersion = 51;
	objects = {

/* Begin PBXBuildFile section */
		0C9894BDC0804D72887277E4 /* AmplifyModels.swift in Sources */ = {isa = PBXBuildFile; fileRef = F279D4342ADB43CD9975D6E8 /* AmplifyModels.swift */; };
		221B32BB2FDB4A74A8AC7691 /* awsconfiguration.json in Resources */ = {isa = PBXBuildFile; fileRef = A124BF81FC8B40FBA8260C00 /* awsconfiguration.json */; };
		7A71BCFF2625292A00E6FA9E /* BestFriendsApp.swift in Sources */ = {isa = PBXBuildFile; fileRef = 7A71BCFE2625292A00E6FA9E /* BestFriendsApp.swift */; };
		7A71BD012625292A00E6FA9E /* SignUpView.swift in Sources */ = {isa = PBXBuildFile; fileRef = 7A71BD002625292A00E6FA9E /* SignUpView.swift */; };
		7A71BD032625292B00E6FA9E /* Assets.xcassets in Resources */ = {isa = PBXBuildFile; fileRef = 7A71BD022625292B00E6FA9E /* Assets.xcassets */; };
		7A71BD062625292B00E6FA9E /* Preview Assets.xcassets in Resources */ = {isa = PBXBuildFile; fileRef = 7A71BD052625292B00E6FA9E /* Preview Assets.xcassets */; };
		7A71BD1626252B0300E6FA9E /* awsconfiguration.json in Resources */ = {isa = PBXBuildFile; fileRef = 7A71BD1426252B0200E6FA9E /* awsconfiguration.json */; };
		7A71BD1726252B0300E6FA9E /* amplifyconfiguration.json in Resources */ = {isa = PBXBuildFile; fileRef = 7A71BD1526252B0200E6FA9E /* amplifyconfiguration.json */; };
		7A71BD1A26252B1300E6FA9E /* Backend.swift in Sources */ = {isa = PBXBuildFile; fileRef = 7A71BD1926252B1300E6FA9E /* Backend.swift */; };
		7A71BD2126252BCD00E6FA9E /* AppDelegate.swift in Sources */ = {isa = PBXBuildFile; fileRef = 7A71BD2026252BCD00E6FA9E /* AppDelegate.swift */; };
		7A71BD3326254E2300E6FA9E /* NoteData.swift in Sources */ = {isa = PBXBuildFile; fileRef = 7A71BD3026254E2300E6FA9E /* NoteData.swift */; };
		7A71BD3426254E2300E6FA9E /* AmplifyModels.swift in Sources */ = {isa = PBXBuildFile; fileRef = 7A71BD3126254E2300E6FA9E /* AmplifyModels.swift */; };
		7A71BD3526254E2300E6FA9E /* NoteData+Schema.swift in Sources */ = {isa = PBXBuildFile; fileRef = 7A71BD3226254E2300E6FA9E /* NoteData+Schema.swift */; };
		7A71BD5126255BF900E6FA9E /* CaptureImageView.swift in Sources */ = {isa = PBXBuildFile; fileRef = 7A71BD5026255BF900E6FA9E /* CaptureImageView.swift */; };
		7AA058CE2628AFFB0067C18A /* SessionManager.swift in Sources */ = {isa = PBXBuildFile; fileRef = 7AA058CD2628AFFB0067C18A /* SessionManager.swift */; };
		7ADC62A32627AA7300791689 /* TutorialCode.swift in Sources */ = {isa = PBXBuildFile; fileRef = 7ADC62A22627AA7300791689 /* TutorialCode.swift */; };
		7AE31CBF262A9A94001EC5A3 /* LoginView.swift in Sources */ = {isa = PBXBuildFile; fileRef = 7AE31CBE262A9A94001EC5A3 /* LoginView.swift */; };
		7AE31CC2262A9BE1001EC5A3 /* SessionView.swift in Sources */ = {isa = PBXBuildFile; fileRef = 7AE31CC1262A9BE1001EC5A3 /* SessionView.swift */; };
		7B13219293464569BD3ABE91 /* amplifyconfiguration.json in Resources */ = {isa = PBXBuildFile; fileRef = C95590B9F99E4975B4D806B7 /* amplifyconfiguration.json */; };
		9C782915556B4CDB8644758F /* NoteData+Schema.swift in Sources */ = {isa = PBXBuildFile; fileRef = 34D4D06C27E34EA49B70327B /* NoteData+Schema.swift */; };
		F11E8CF700902496B65C1C89 /* Pods_BestFriends.framework in Frameworks */ = {isa = PBXBuildFile; fileRef = 7E533516C70DC2A502C17893 /* Pods_BestFriends.framework */; };
		FA3D3DDBD82B4D40AA22F9E0 /* NoteData.swift in Sources */ = {isa = PBXBuildFile; fileRef = 02E7DD54AB754F78A76142E6 /* NoteData.swift */; };
/* End PBXBuildFile section */

/* Begin PBXFileReference section */
		02E7DD54AB754F78A76142E6 /* NoteData.swift */ = {isa = PBXFileReference; explicitFileType = undefined; fileEncoding = 4; includeInIndex = 0; lastKnownFileType = sourcecode.swift; name = NoteData.swift; path = amplify/generated/models/NoteData.swift; sourceTree = "<group>"; };
		0BA9C31257BA47E18024A357 /* amplifytools.xcconfig */ = {isa = PBXFileReference; explicitFileType = undefined; fileEncoding = 4; includeInIndex = 0; lastKnownFileType = text.xcconfig; path = amplifytools.xcconfig; sourceTree = "<group>"; };
		2456D32343F6CB345703D20B /* Pods-BestFriends.release.xcconfig */ = {isa = PBXFileReference; includeInIndex = 1; lastKnownFileType = text.xcconfig; name = "Pods-BestFriends.release.xcconfig"; path = "Target Support Files/Pods-BestFriends/Pods-BestFriends.release.xcconfig"; sourceTree = "<group>"; };
		34D4D06C27E34EA49B70327B /* NoteData+Schema.swift */ = {isa = PBXFileReference; explicitFileType = undefined; fileEncoding = 4; includeInIndex = 0; lastKnownFileType = sourcecode.swift; name = "NoteData+Schema.swift"; path = "amplify/generated/models/NoteData+Schema.swift"; sourceTree = "<group>"; };
		71B5DFCDF98DAA323331D1BC /* Pods-BestFriends.debug.xcconfig */ = {isa = PBXFileReference; includeInIndex = 1; lastKnownFileType = text.xcconfig; name = "Pods-BestFriends.debug.xcconfig"; path = "Target Support Files/Pods-BestFriends/Pods-BestFriends.debug.xcconfig"; sourceTree = "<group>"; };
		7A71BCFB2625292A00E6FA9E /* BestFriends.app */ = {isa = PBXFileReference; explicitFileType = wrapper.application; includeInIndex = 0; path = BestFriends.app; sourceTree = BUILT_PRODUCTS_DIR; };
		7A71BCFE2625292A00E6FA9E /* BestFriendsApp.swift */ = {isa = PBXFileReference; lastKnownFileType = sourcecode.swift; path = BestFriendsApp.swift; sourceTree = "<group>"; };
		7A71BD002625292A00E6FA9E /* SignUpView.swift */ = {isa = PBXFileReference; lastKnownFileType = sourcecode.swift; path = SignUpView.swift; sourceTree = "<group>"; };
		7A71BD022625292B00E6FA9E /* Assets.xcassets */ = {isa = PBXFileReference; lastKnownFileType = folder.assetcatalog; path = Assets.xcassets; sourceTree = "<group>"; };
		7A71BD052625292B00E6FA9E /* Preview Assets.xcassets */ = {isa = PBXFileReference; lastKnownFileType = folder.assetcatalog; path = "Preview Assets.xcassets"; sourceTree = "<group>"; };
		7A71BD072625292B00E6FA9E /* Info.plist */ = {isa = PBXFileReference; lastKnownFileType = text.plist.xml; path = Info.plist; sourceTree = "<group>"; };
		7A71BD1426252B0200E6FA9E /* awsconfiguration.json */ = {isa = PBXFileReference; fileEncoding = 4; lastKnownFileType = text.json; path = awsconfiguration.json; sourceTree = "<group>"; };
		7A71BD1526252B0200E6FA9E /* amplifyconfiguration.json */ = {isa = PBXFileReference; fileEncoding = 4; lastKnownFileType = text.json; path = amplifyconfiguration.json; sourceTree = "<group>"; };
		7A71BD1926252B1300E6FA9E /* Backend.swift */ = {isa = PBXFileReference; lastKnownFileType = sourcecode.swift; path = Backend.swift; sourceTree = "<group>"; };
		7A71BD2026252BCD00E6FA9E /* AppDelegate.swift */ = {isa = PBXFileReference; lastKnownFileType = sourcecode.swift; path = AppDelegate.swift; sourceTree = "<group>"; };
		7A71BD3026254E2300E6FA9E /* NoteData.swift */ = {isa = PBXFileReference; fileEncoding = 4; lastKnownFileType = sourcecode.swift; path = NoteData.swift; sourceTree = "<group>"; };
		7A71BD3126254E2300E6FA9E /* AmplifyModels.swift */ = {isa = PBXFileReference; fileEncoding = 4; lastKnownFileType = sourcecode.swift; path = AmplifyModels.swift; sourceTree = "<group>"; };
		7A71BD3226254E2300E6FA9E /* NoteData+Schema.swift */ = {isa = PBXFileReference; fileEncoding = 4; lastKnownFileType = sourcecode.swift; path = "NoteData+Schema.swift"; sourceTree = "<group>"; };
		7A71BD5026255BF900E6FA9E /* CaptureImageView.swift */ = {isa = PBXFileReference; lastKnownFileType = sourcecode.swift; path = CaptureImageView.swift; sourceTree = "<group>"; };
		7AA058CD2628AFFB0067C18A /* SessionManager.swift */ = {isa = PBXFileReference; lastKnownFileType = sourcecode.swift; path = SessionManager.swift; sourceTree = "<group>"; };
		7ADC62A22627AA7300791689 /* TutorialCode.swift */ = {isa = PBXFileReference; lastKnownFileType = sourcecode.swift; path = TutorialCode.swift; sourceTree = "<group>"; };
		7AE31CBE262A9A94001EC5A3 /* LoginView.swift */ = {isa = PBXFileReference; lastKnownFileType = sourcecode.swift; path = LoginView.swift; sourceTree = "<group>"; };
		7AE31CC1262A9BE1001EC5A3 /* SessionView.swift */ = {isa = PBXFileReference; lastKnownFileType = sourcecode.swift; path = SessionView.swift; sourceTree = "<group>"; };
		7E533516C70DC2A502C17893 /* Pods_BestFriends.framework */ = {isa = PBXFileReference; explicitFileType = wrapper.framework; includeInIndex = 0; path = Pods_BestFriends.framework; sourceTree = BUILT_PRODUCTS_DIR; };
		A124BF81FC8B40FBA8260C00 /* awsconfiguration.json */ = {isa = PBXFileReference; explicitFileType = undefined; fileEncoding = 9; includeInIndex = 0; lastKnownFileType = unknown; path = awsconfiguration.json; sourceTree = "<group>"; };
		C95590B9F99E4975B4D806B7 /* amplifyconfiguration.json */ = {isa = PBXFileReference; explicitFileType = undefined; fileEncoding = 9; includeInIndex = 0; lastKnownFileType = unknown; path = amplifyconfiguration.json; sourceTree = "<group>"; };
		F279D4342ADB43CD9975D6E8 /* AmplifyModels.swift */ = {isa = PBXFileReference; explicitFileType = undefined; fileEncoding = 4; includeInIndex = 0; lastKnownFileType = sourcecode.swift; name = AmplifyModels.swift; path = amplify/generated/models/AmplifyModels.swift; sourceTree = "<group>"; };
		F6C3BE1022B34C5FA7EE9A20 /* schema.graphql */ = {isa = PBXFileReference; explicitFileType = undefined; fileEncoding = 4; includeInIndex = 0; lastKnownFileType = text; name = schema.graphql; path = amplify/backend/api/bestfriends/schema.graphql; sourceTree = "<group>"; };
/* End PBXFileReference section */

/* Begin PBXFrameworksBuildPhase section */
		7A71BCF82625292A00E6FA9E /* Frameworks */ = {
			isa = PBXFrameworksBuildPhase;
			buildActionMask = 2147483647;
			files = (
				F11E8CF700902496B65C1C89 /* Pods_BestFriends.framework in Frameworks */,
			);
			runOnlyForDeploymentPostprocessing = 0;
		};
/* End PBXFrameworksBuildPhase section */

/* Begin PBXGroup section */
		7A71BCF22625292A00E6FA9E = {
			isa = PBXGroup;
			children = (
				C7FAA89AA68A4B3DB1B8D3AF /* AmplifyModels */,
				7A71BD1526252B0200E6FA9E /* amplifyconfiguration.json */,
				7A71BD1426252B0200E6FA9E /* awsconfiguration.json */,
				C3F02F5A8A994BECAB094217 /* AmplifyConfig */,
				7A71BCFD2625292A00E6FA9E /* BestFriends */,
				7A71BCFC2625292A00E6FA9E /* Products */,
				9E0E510CD719430077541E98 /* Pods */,
				ABA2702C8BCEE8FAE6DEE42D /* Frameworks */,
			);
			sourceTree = "<group>";
		};
		7A71BCFC2625292A00E6FA9E /* Products */ = {
			isa = PBXGroup;
			children = (
				7A71BCFB2625292A00E6FA9E /* BestFriends.app */,
			);
			name = Products;
			sourceTree = "<group>";
		};
		7A71BCFD2625292A00E6FA9E /* BestFriends */ = {
			isa = PBXGroup;
			children = (
				7AE31CBD262A9A7F001EC5A3 /* Authentication */,
				7AE31CB926293ABE001EC5A3 /* Refrence Code */,
				7A71BD2E26254E2300E6FA9E /* generated */,
				7A71BCFE2625292A00E6FA9E /* BestFriendsApp.swift */,
				7A71BD2026252BCD00E6FA9E /* AppDelegate.swift */,
				7AA058CD2628AFFB0067C18A /* SessionManager.swift */,
				7A71BD022625292B00E6FA9E /* Assets.xcassets */,
				7A71BD072625292B00E6FA9E /* Info.plist */,
				7A71BD042625292B00E6FA9E /* Preview Content */,
			);
			path = BestFriends;
			sourceTree = "<group>";
		};
		7A71BD042625292B00E6FA9E /* Preview Content */ = {
			isa = PBXGroup;
			children = (
				7A71BD052625292B00E6FA9E /* Preview Assets.xcassets */,
			);
			path = "Preview Content";
			sourceTree = "<group>";
		};
		7A71BD2E26254E2300E6FA9E /* generated */ = {
			isa = PBXGroup;
			children = (
				7A71BD2F26254E2300E6FA9E /* models */,
			);
			name = generated;
			path = amplify/generated;
			sourceTree = SOURCE_ROOT;
		};
		7A71BD2F26254E2300E6FA9E /* models */ = {
			isa = PBXGroup;
			children = (
				7A71BD3026254E2300E6FA9E /* NoteData.swift */,
				7A71BD3126254E2300E6FA9E /* AmplifyModels.swift */,
				7A71BD3226254E2300E6FA9E /* NoteData+Schema.swift */,
			);
			path = models;
			sourceTree = "<group>";
		};
		7AE31CB926293ABE001EC5A3 /* Refrence Code */ = {
			isa = PBXGroup;
			children = (
				7ADC62A22627AA7300791689 /* TutorialCode.swift */,
				7A71BD5026255BF900E6FA9E /* CaptureImageView.swift */,
				7A71BD1926252B1300E6FA9E /* Backend.swift */,
			);
			path = "Refrence Code";
			sourceTree = "<group>";
		};
		7AE31CBD262A9A7F001EC5A3 /* Authentication */ = {
			isa = PBXGroup;
			children = (
				7A71BD002625292A00E6FA9E /* SignUpView.swift */,
				7AE31CBE262A9A94001EC5A3 /* LoginView.swift */,
				7AE31CC1262A9BE1001EC5A3 /* SessionView.swift */,
			);
			path = Authentication;
			sourceTree = "<group>";
		};
		9E0E510CD719430077541E98 /* Pods */ = {
			isa = PBXGroup;
			children = (
				71B5DFCDF98DAA323331D1BC /* Pods-BestFriends.debug.xcconfig */,
				2456D32343F6CB345703D20B /* Pods-BestFriends.release.xcconfig */,
			);
			path = Pods;
			sourceTree = "<group>";
		};
		ABA2702C8BCEE8FAE6DEE42D /* Frameworks */ = {
			isa = PBXGroup;
			children = (
				7E533516C70DC2A502C17893 /* Pods_BestFriends.framework */,
			);
			name = Frameworks;
			sourceTree = "<group>";
		};
		C3F02F5A8A994BECAB094217 /* AmplifyConfig */ = {
			isa = PBXGroup;
			children = (
				0BA9C31257BA47E18024A357 /* amplifytools.xcconfig */,
				C95590B9F99E4975B4D806B7 /* amplifyconfiguration.json */,
				A124BF81FC8B40FBA8260C00 /* awsconfiguration.json */,
				F6C3BE1022B34C5FA7EE9A20 /* schema.graphql */,
			);
			name = AmplifyConfig;
			path = .;
			sourceTree = "<group>";
		};
		C7FAA89AA68A4B3DB1B8D3AF /* AmplifyModels */ = {
			isa = PBXGroup;
			children = (
				F279D4342ADB43CD9975D6E8 /* AmplifyModels.swift */,
				02E7DD54AB754F78A76142E6 /* NoteData.swift */,
				34D4D06C27E34EA49B70327B /* NoteData+Schema.swift */,
			);
			name = AmplifyModels;
			path = .;
			sourceTree = "<group>";
		};
/* End PBXGroup section */

/* Begin PBXNativeTarget section */
		7A71BCFA2625292A00E6FA9E /* BestFriends */ = {
			isa = PBXNativeTarget;
			buildConfigurationList = 7A71BD0A2625292B00E6FA9E /* Build configuration list for PBXNativeTarget "BestFriends" */;
			buildPhases = (
				6ABF81726C2E6FFC9EEABCF7 /* [CP] Check Pods Manifest.lock */,
				7A71BCF72625292A00E6FA9E /* Sources */,
				7A71BCF82625292A00E6FA9E /* Frameworks */,
				7A71BCF92625292A00E6FA9E /* Resources */,
				B729D378AC8B94D30DAA6A1A /* [CP] Embed Pods Frameworks */,
			);
			buildRules = (
			);
			dependencies = (
			);
			name = BestFriends;
			productName = BestFriends;
			productReference = 7A71BCFB2625292A00E6FA9E /* BestFriends.app */;
			productType = "com.apple.product-type.application";
		};
/* End PBXNativeTarget section */

/* Begin PBXProject section */
		7A71BCF32625292A00E6FA9E /* Project object */ = {
			isa = PBXProject;
			attributes = {
				LastSwiftUpdateCheck = 1240;
				LastUpgradeCheck = 1240;
				TargetAttributes = {
					7A71BCFA2625292A00E6FA9E = {
						CreatedOnToolsVersion = 12.4;
					};
				};
			};
			buildConfigurationList = 7A71BCF62625292A00E6FA9E /* Build configuration list for PBXProject "BestFriends" */;
			compatibilityVersion = "Xcode 9.3";
			developmentRegion = en;
			hasScannedForEncodings = 0;
			knownRegions = (
				en,
				Base,
			);
			mainGroup = 7A71BCF22625292A00E6FA9E;
			productRefGroup = 7A71BCFC2625292A00E6FA9E /* Products */;
			projectDirPath = "";
			projectRoot = "";
			targets = (
				7A71BCFA2625292A00E6FA9E /* BestFriends */,
			);
		};
/* End PBXProject section */

/* Begin PBXResourcesBuildPhase section */
		7A71BCF92625292A00E6FA9E /* Resources */ = {
			isa = PBXResourcesBuildPhase;
			buildActionMask = 2147483647;
			files = (
				7A71BD1626252B0300E6FA9E /* awsconfiguration.json in Resources */,
				7A71BD1726252B0300E6FA9E /* amplifyconfiguration.json in Resources */,
				7A71BD062625292B00E6FA9E /* Preview Assets.xcassets in Resources */,
				7A71BD032625292B00E6FA9E /* Assets.xcassets in Resources */,
				7B13219293464569BD3ABE91 /* amplifyconfiguration.json in Resources */,
				221B32BB2FDB4A74A8AC7691 /* awsconfiguration.json in Resources */,
			);
			runOnlyForDeploymentPostprocessing = 0;
		};
/* End PBXResourcesBuildPhase section */

/* Begin PBXShellScriptBuildPhase section */
		6ABF81726C2E6FFC9EEABCF7 /* [CP] Check Pods Manifest.lock */ = {
			isa = PBXShellScriptBuildPhase;
			buildActionMask = 2147483647;
			files = (
			);
			inputFileListPaths = (
			);
			inputPaths = (
				"${PODS_PODFILE_DIR_PATH}/Podfile.lock",
				"${PODS_ROOT}/Manifest.lock",
			);
			name = "[CP] Check Pods Manifest.lock";
			outputFileListPaths = (
			);
			outputPaths = (
				"$(DERIVED_FILE_DIR)/Pods-BestFriends-checkManifestLockResult.txt",
			);
			runOnlyForDeploymentPostprocessing = 0;
			shellPath = /bin/sh;
			shellScript = "diff \"${PODS_PODFILE_DIR_PATH}/Podfile.lock\" \"${PODS_ROOT}/Manifest.lock\" > /dev/null\nif [ $? != 0 ] ; then\n    # print error to STDERR\n    echo \"error: The sandbox is not in sync with the Podfile.lock. Run 'pod install' or update your CocoaPods installation.\" >&2\n    exit 1\nfi\n# This output is used by Xcode 'outputs' to avoid re-running this script phase.\necho \"SUCCESS\" > \"${SCRIPT_OUTPUT_FILE_0}\"\n";
			showEnvVarsInLog = 0;
		};
		B729D378AC8B94D30DAA6A1A /* [CP] Embed Pods Frameworks */ = {
			isa = PBXShellScriptBuildPhase;
			buildActionMask = 2147483647;
			files = (
			);
			inputFileListPaths = (
				"${PODS_ROOT}/Target Support Files/Pods-BestFriends/Pods-BestFriends-frameworks-${CONFIGURATION}-input-files.xcfilelist",
			);
			name = "[CP] Embed Pods Frameworks";
			outputFileListPaths = (
				"${PODS_ROOT}/Target Support Files/Pods-BestFriends/Pods-BestFriends-frameworks-${CONFIGURATION}-output-files.xcfilelist",
			);
			runOnlyForDeploymentPostprocessing = 0;
			shellPath = /bin/sh;
			shellScript = "\"${PODS_ROOT}/Target Support Files/Pods-BestFriends/Pods-BestFriends-frameworks.sh\"\n";
			showEnvVarsInLog = 0;
		};
/* End PBXShellScriptBuildPhase section */

/* Begin PBXSourcesBuildPhase section */
		7A71BCF72625292A00E6FA9E /* Sources */ = {
			isa = PBXSourcesBuildPhase;
			buildActionMask = 2147483647;
			files = (
				7A71BD2126252BCD00E6FA9E /* AppDelegate.swift in Sources */,
				7AE31CC2262A9BE1001EC5A3 /* SessionView.swift in Sources */,
				7A71BD5126255BF900E6FA9E /* CaptureImageView.swift in Sources */,
				7A71BD3326254E2300E6FA9E /* NoteData.swift in Sources */,
				7A71BD3526254E2300E6FA9E /* NoteData+Schema.swift in Sources */,
				7ADC62A32627AA7300791689 /* TutorialCode.swift in Sources */,
				7A71BD012625292A00E6FA9E /* SignUpView.swift in Sources */,
				7A71BCFF2625292A00E6FA9E /* BestFriendsApp.swift in Sources */,
				7A71BD3426254E2300E6FA9E /* AmplifyModels.swift in Sources */,
				7AE31CBF262A9A94001EC5A3 /* LoginView.swift in Sources */,
				7A71BD1A26252B1300E6FA9E /* Backend.swift in Sources */,
				0C9894BDC0804D72887277E4 /* AmplifyModels.swift in Sources */,
				FA3D3DDBD82B4D40AA22F9E0 /* NoteData.swift in Sources */,
				9C782915556B4CDB8644758F /* NoteData+Schema.swift in Sources */,
				7AA058CE2628AFFB0067C18A /* SessionManager.swift in Sources */,
			);
			runOnlyForDeploymentPostprocessing = 0;
		};
/* End PBXSourcesBuildPhase section */

/* Begin XCBuildConfiguration section */
		7A71BD082625292B00E6FA9E /* Debug */ = {
			isa = XCBuildConfiguration;
			buildSettings = {
				ALWAYS_SEARCH_USER_PATHS = NO;
				CLANG_ANALYZER_NONNULL = YES;
				CLANG_ANALYZER_NUMBER_OBJECT_CONVERSION = YES_AGGRESSIVE;
				CLANG_CXX_LANGUAGE_STANDARD = "gnu++14";
				CLANG_CXX_LIBRARY = "libc++";
				CLANG_ENABLE_MODULES = YES;
				CLANG_ENABLE_OBJC_ARC = YES;
				CLANG_ENABLE_OBJC_WEAK = YES;
				CLANG_WARN_BLOCK_CAPTURE_AUTORELEASING = YES;
				CLANG_WARN_BOOL_CONVERSION = YES;
				CLANG_WARN_COMMA = YES;
				CLANG_WARN_CONSTANT_CONVERSION = YES;
				CLANG_WARN_DEPRECATED_OBJC_IMPLEMENTATIONS = YES;
				CLANG_WARN_DIRECT_OBJC_ISA_USAGE = YES_ERROR;
				CLANG_WARN_DOCUMENTATION_COMMENTS = YES;
				CLANG_WARN_EMPTY_BODY = YES;
				CLANG_WARN_ENUM_CONVERSION = YES;
				CLANG_WARN_INFINITE_RECURSION = YES;
				CLANG_WARN_INT_CONVERSION = YES;
				CLANG_WARN_NON_LITERAL_NULL_CONVERSION = YES;
				CLANG_WARN_OBJC_IMPLICIT_RETAIN_SELF = YES;
				CLANG_WARN_OBJC_LITERAL_CONVERSION = YES;
				CLANG_WARN_OBJC_ROOT_CLASS = YES_ERROR;
				CLANG_WARN_QUOTED_INCLUDE_IN_FRAMEWORK_HEADER = YES;
				CLANG_WARN_RANGE_LOOP_ANALYSIS = YES;
				CLANG_WARN_STRICT_PROTOTYPES = YES;
				CLANG_WARN_SUSPICIOUS_MOVE = YES;
				CLANG_WARN_UNGUARDED_AVAILABILITY = YES_AGGRESSIVE;
				CLANG_WARN_UNREACHABLE_CODE = YES;
				CLANG_WARN__DUPLICATE_METHOD_MATCH = YES;
				COPY_PHASE_STRIP = NO;
				DEBUG_INFORMATION_FORMAT = dwarf;
				ENABLE_STRICT_OBJC_MSGSEND = YES;
				ENABLE_TESTABILITY = YES;
				GCC_C_LANGUAGE_STANDARD = gnu11;
				GCC_DYNAMIC_NO_PIC = NO;
				GCC_NO_COMMON_BLOCKS = YES;
				GCC_OPTIMIZATION_LEVEL = 0;
				GCC_PREPROCESSOR_DEFINITIONS = (
					"DEBUG=1",
					"$(inherited)",
				);
				GCC_WARN_64_TO_32_BIT_CONVERSION = YES;
				GCC_WARN_ABOUT_RETURN_TYPE = YES_ERROR;
				GCC_WARN_UNDECLARED_SELECTOR = YES;
				GCC_WARN_UNINITIALIZED_AUTOS = YES_AGGRESSIVE;
				GCC_WARN_UNUSED_FUNCTION = YES;
				GCC_WARN_UNUSED_VARIABLE = YES;
				IPHONEOS_DEPLOYMENT_TARGET = 14.4;
				MTL_ENABLE_DEBUG_INFO = INCLUDE_SOURCE;
				MTL_FAST_MATH = YES;
				ONLY_ACTIVE_ARCH = YES;
				SDKROOT = iphoneos;
				SWIFT_ACTIVE_COMPILATION_CONDITIONS = DEBUG;
				SWIFT_OPTIMIZATION_LEVEL = "-Onone";
			};
			name = Debug;
		};
		7A71BD092625292B00E6FA9E /* Release */ = {
			isa = XCBuildConfiguration;
			buildSettings = {
				ALWAYS_SEARCH_USER_PATHS = NO;
				CLANG_ANALYZER_NONNULL = YES;
				CLANG_ANALYZER_NUMBER_OBJECT_CONVERSION = YES_AGGRESSIVE;
				CLANG_CXX_LANGUAGE_STANDARD = "gnu++14";
				CLANG_CXX_LIBRARY = "libc++";
				CLANG_ENABLE_MODULES = YES;
				CLANG_ENABLE_OBJC_ARC = YES;
				CLANG_ENABLE_OBJC_WEAK = YES;
				CLANG_WARN_BLOCK_CAPTURE_AUTORELEASING = YES;
				CLANG_WARN_BOOL_CONVERSION = YES;
				CLANG_WARN_COMMA = YES;
				CLANG_WARN_CONSTANT_CONVERSION = YES;
				CLANG_WARN_DEPRECATED_OBJC_IMPLEMENTATIONS = YES;
				CLANG_WARN_DIRECT_OBJC_ISA_USAGE = YES_ERROR;
				CLANG_WARN_DOCUMENTATION_COMMENTS = YES;
				CLANG_WARN_EMPTY_BODY = YES;
				CLANG_WARN_ENUM_CONVERSION = YES;
				CLANG_WARN_INFINITE_RECURSION = YES;
				CLANG_WARN_INT_CONVERSION = YES;
				CLANG_WARN_NON_LITERAL_NULL_CONVERSION = YES;
				CLANG_WARN_OBJC_IMPLICIT_RETAIN_SELF = YES;
				CLANG_WARN_OBJC_LITERAL_CONVERSION = YES;
				CLANG_WARN_OBJC_ROOT_CLASS = YES_ERROR;
				CLANG_WARN_QUOTED_INCLUDE_IN_FRAMEWORK_HEADER = YES;
				CLANG_WARN_RANGE_LOOP_ANALYSIS = YES;
				CLANG_WARN_STRICT_PROTOTYPES = YES;
				CLANG_WARN_SUSPICIOUS_MOVE = YES;
				CLANG_WARN_UNGUARDED_AVAILABILITY = YES_AGGRESSIVE;
				CLANG_WARN_UNREACHABLE_CODE = YES;
				CLANG_WARN__DUPLICATE_METHOD_MATCH = YES;
				COPY_PHASE_STRIP = NO;
				DEBUG_INFORMATION_FORMAT = "dwarf-with-dsym";
				ENABLE_NS_ASSERTIONS = NO;
				ENABLE_STRICT_OBJC_MSGSEND = YES;
				GCC_C_LANGUAGE_STANDARD = gnu11;
				GCC_NO_COMMON_BLOCKS = YES;
				GCC_WARN_64_TO_32_BIT_CONVERSION = YES;
				GCC_WARN_ABOUT_RETURN_TYPE = YES_ERROR;
				GCC_WARN_UNDECLARED_SELECTOR = YES;
				GCC_WARN_UNINITIALIZED_AUTOS = YES_AGGRESSIVE;
				GCC_WARN_UNUSED_FUNCTION = YES;
				GCC_WARN_UNUSED_VARIABLE = YES;
				IPHONEOS_DEPLOYMENT_TARGET = 14.4;
				MTL_ENABLE_DEBUG_INFO = NO;
				MTL_FAST_MATH = YES;
				SDKROOT = iphoneos;
				SWIFT_COMPILATION_MODE = wholemodule;
				SWIFT_OPTIMIZATION_LEVEL = "-O";
				VALIDATE_PRODUCT = YES;
			};
			name = Release;
		};
		7A71BD0B2625292B00E6FA9E /* Debug */ = {
			isa = XCBuildConfiguration;
			baseConfigurationReference = 71B5DFCDF98DAA323331D1BC /* Pods-BestFriends.debug.xcconfig */;
			buildSettings = {
				ASSETCATALOG_COMPILER_APPICON_NAME = AppIcon;
				ASSETCATALOG_COMPILER_GLOBAL_ACCENT_COLOR_NAME = AccentColor;
				CODE_SIGN_STYLE = Automatic;
				DEVELOPMENT_ASSET_PATHS = "\"BestFriends/Preview Content\"";
				DEVELOPMENT_TEAM = U4W8K74MFC;
				ENABLE_PREVIEWS = YES;
				INFOPLIST_FILE = BestFriends/Info.plist;
				IPHONEOS_DEPLOYMENT_TARGET = 14.0;
				LD_RUNPATH_SEARCH_PATHS = (
					"$(inherited)",
					"@executable_path/Frameworks",
				);
				PRODUCT_BUNDLE_IDENTIFIER = socialtech.BestFriends;
				PRODUCT_NAME = "$(TARGET_NAME)";
				SWIFT_VERSION = 5.0;
				TARGETED_DEVICE_FAMILY = "1,2";
			};
			name = Debug;
		};
		7A71BD0C2625292B00E6FA9E /* Release */ = {
			isa = XCBuildConfiguration;
			baseConfigurationReference = 2456D32343F6CB345703D20B /* Pods-BestFriends.release.xcconfig */;
			buildSettings = {
				ASSETCATALOG_COMPILER_APPICON_NAME = AppIcon;
				ASSETCATALOG_COMPILER_GLOBAL_ACCENT_COLOR_NAME = AccentColor;
				CODE_SIGN_STYLE = Automatic;
				DEVELOPMENT_ASSET_PATHS = "\"BestFriends/Preview Content\"";
				DEVELOPMENT_TEAM = U4W8K74MFC;
				ENABLE_PREVIEWS = YES;
				INFOPLIST_FILE = BestFriends/Info.plist;
				IPHONEOS_DEPLOYMENT_TARGET = 14.0;
				LD_RUNPATH_SEARCH_PATHS = (
					"$(inherited)",
					"@executable_path/Frameworks",
				);
				PRODUCT_BUNDLE_IDENTIFIER = socialtech.BestFriends;
				PRODUCT_NAME = "$(TARGET_NAME)";
				SWIFT_VERSION = 5.0;
				TARGETED_DEVICE_FAMILY = "1,2";
			};
			name = Release;
		};
/* End XCBuildConfiguration section */

/* Begin XCConfigurationList section */
		7A71BCF62625292A00E6FA9E /* Build configuration list for PBXProject "BestFriends" */ = {
			isa = XCConfigurationList;
			buildConfigurations = (
				7A71BD082625292B00E6FA9E /* Debug */,
				7A71BD092625292B00E6FA9E /* Release */,
			);
			defaultConfigurationIsVisible = 0;
			defaultConfigurationName = Release;
		};
		7A71BD0A2625292B00E6FA9E /* Build configuration list for PBXNativeTarget "BestFriends" */ = {
			isa = XCConfigurationList;
			buildConfigurations = (
				7A71BD0B2625292B00E6FA9E /* Debug */,
				7A71BD0C2625292B00E6FA9E /* Release */,
			);
			defaultConfigurationIsVisible = 0;
			defaultConfigurationName = Release;
		};
/* End XCConfigurationList section */
	};
	rootObject = 7A71BCF32625292A00E6FA9E /* Project object */;
}
