PODS:
  - Amplify (1.8.0):
    - Amplify/Default (= 1.8.0)
  - Amplify/Default (1.8.0)
  - Amplify/Tools (1.8.0)

DEPENDENCIES:
  - Amplify
  - Amplify/Tools

SPEC REPOS:
  trunk:
    - Amplify

SPEC CHECKSUMS:
  Amplify: 550f9e628e68f829ee4d9daa802912ad3644cb96

PODFILE CHECKSUM: cd89b7dde98b597fcc98270c84ce0d8a86395919

COCOAPODS: 1.10.1
