PODS:
  - PromisesObjC (2.0.0)
  - PromisesSwift (2.0.0):
    - PromisesObjC (= 2.0.0)
  - Starscream (4.0.4)
  - SwiftWebSocket (2.7.0)

DEPENDENCIES:
  - PromisesSwift
  - Starscream
  - SwiftWebSocket

SPEC REPOS:
  trunk:
    - PromisesObjC
    - PromisesSwift
    - Starscream
    - SwiftWebSocket

SPEC CHECKSUMS:
  PromisesObjC: 68159ce6952d93e17b2dfe273b8c40907db5ba58
  PromisesSwift: e0b2a6433469efb0b83a2b84c62a2abab8e5e5d4
  Starscream: 5178aed56b316f13fa3bc55694e583d35dd414d9
  SwiftWebSocket: 612c9729fd503cb6b0b8b45390c788686dac306f

PODFILE CHECKSUM: 81627bdbbf8461bdb978e98736afa3e490bdffe8

COCOAPODS: 1.11.2
